// !$*UTF8*$!
{
	archiveVersion = 1;
	classes = {
	};
	objectVersion = 60;
	objects = {

/* Begin PBXBuildFile section */
		7066F6D11F95ADD400D126C1 /* Interface.storyboard in Resources */ = {isa = PBXBuildFile; fileRef = 7066F6CF1F95ADD400D126C1 /* Interface.storyboard */; };
		7066F6D31F95ADD400D126C1 /* Assets.xcassets in Resources */ = {isa = PBXBuildFile; fileRef = 7066F6D21F95ADD400D126C1 /* Assets.xcassets */; };
		7066F6DA1F95ADD400D126C1 /* Forescoop Extension.appex in Embed Foundation Extensions */ = {isa = PBXBuildFile; fileRef = 7066F6D91F95ADD400D126C1 /* Forescoop Extension.appex */; settings = {ATTRIBUTES = (RemoveHeadersOnCopy, ); }; };
		7066F6DF1F95ADD400D126C1 /* InterfaceController.swift in Sources */ = {isa = PBXBuildFile; fileRef = 7066F6DE1F95ADD400D126C1 /* InterfaceController.swift */; };
		7066F6E11F95ADD400D126C1 /* ExtensionDelegate.swift in Sources */ = {isa = PBXBuildFile; fileRef = 7066F6E01F95ADD400D126C1 /* ExtensionDelegate.swift */; };
		7066F6E31F95ADD400D126C1 /* NotificationController.swift in Sources */ = {isa = PBXBuildFile; fileRef = 7066F6E21F95ADD400D126C1 /* NotificationController.swift */; };
		7066F6E51F95ADD400D126C1 /* Assets.xcassets in Resources */ = {isa = PBXBuildFile; fileRef = 7066F6E41F95ADD400D126C1 /* Assets.xcassets */; };
		7066F6EA1F95ADD400D126C1 /* Forescoop.app in Embed Watch Content */ = {isa = PBXBuildFile; fileRef = 7066F6CD1F95ADD400D126C1 /* Forescoop.app */; };
		7066F6F21F95AF4900D126C1 /* Common.swift in Sources */ = {isa = PBXBuildFile; fileRef = 7057C8961F11DABC007A7FC2 /* Common.swift */; };
		70BAA9AB1F276B4F004CD577 /* Common.swift in Sources */ = {isa = PBXBuildFile; fileRef = 7057C8961F11DABC007A7FC2 /* Common.swift */; };
		70BAA9AD1F276B4F004CD577 /* MainViewController.swift in Sources */ = {isa = PBXBuildFile; fileRef = 607FACD71AFB9204008FA782 /* MainViewController.swift */; };
		70BAA9AE1F276B4F004CD577 /* AppDelegate.swift in Sources */ = {isa = PBXBuildFile; fileRef = 607FACD51AFB9204008FA782 /* AppDelegate.swift */; };
		70BAA9B21F276B4F004CD577 /* Main.storyboard in Resources */ = {isa = PBXBuildFile; fileRef = 607FACD91AFB9204008FA782 /* Main.storyboard */; };
		70BAA9B31F276B4F004CD577 /* LaunchScreen.xib in Resources */ = {isa = PBXBuildFile; fileRef = 607FACDE1AFB9204008FA782 /* LaunchScreen.xib */; };
		70BAA9B41F276B4F004CD577 /* Images.xcassets in Resources */ = {isa = PBXBuildFile; fileRef = 607FACDC1AFB9204008FA782 /* Images.xcassets */; };
		70EC64DC1F952C8F005E2C29 /* ApiListViewController.swift in Sources */ = {isa = PBXBuildFile; fileRef = 70ED9F4F1F16C45300F8DFB9 /* ApiListViewController.swift */; };
		70EC64DD1F952C91005E2C29 /* ApiInfoViewController.swift in Sources */ = {isa = PBXBuildFile; fileRef = 70ED9F541F17AC4C00F8DFB9 /* ApiInfoViewController.swift */; };
		9865F8DA3011C07F00777207 /* ForecastModelPicker.swift in Sources */ = {isa = PBXBuildFile; fileRef = 9865F8D93011C07F00777207 /* ForecastModelPicker.swift */; };
		9865F8DB3011C07F00777207 /* ForecastModelPicker.swift in Sources */ = {isa = PBXBuildFile; fileRef = 9865F8D93011C07F00777207 /* ForecastModelPicker.swift */; };
		9865F8DC3011C07F00777207 /* ForecastModelPicker.swift in Sources */ = {isa = PBXBuildFile; fileRef = 9865F8D93011C07F00777207 /* ForecastModelPicker.swift */; };
		9865F8DE3011C0A200777207 /* WindguruLoginView.swift in Sources */ = {isa = PBXBuildFile; fileRef = 9865F8DD3011C0A200777207 /* WindguruLoginView.swift */; };
		9865F8DF3011C0A200777207 /* WindguruLoginView.swift in Sources */ = {isa = PBXBuildFile; fileRef = 9865F8DD3011C0A200777207 /* WindguruLoginView.swift */; };
		9865F8E03011C0A200777207 /* WindguruLoginView.swift in Sources */ = {isa = PBXBuildFile; fileRef = 9865F8DD3011C0A200777207 /* WindguruLoginView.swift */; };
		9865F8E23011C0E200777207 /* WindguruSpotPicker.swift in Sources */ = {isa = PBXBuildFile; fileRef = 9865F8E13011C0E200777207 /* WindguruSpotPicker.swift */; };
		9865F8E33011C0E200777207 /* WindguruSpotPicker.swift in Sources */ = {isa = PBXBuildFile; fileRef = 9865F8E13011C0E200777207 /* WindguruSpotPicker.swift */; };
		9865F8E43011C0E200777207 /* WindguruSpotPicker.swift in Sources */ = {isa = PBXBuildFile; fileRef = 9865F8E13011C0E200777207 /* WindguruSpotPicker.swift */; };
		9865F8E63011C6B400777207 /* MapLocationPicker.swift in Sources */ = {isa = PBXBuildFile; fileRef = 9865F8E53011C6B400777207 /* MapLocationPicker.swift */; };
		9865F8E73011C6B400777207 /* MapLocationPicker.swift in Sources */ = {isa = PBXBuildFile; fileRef = 9865F8E53011C6B400777207 /* MapLocationPicker.swift */; };
		9865F8E83011C6B400777207 /* MapLocationPicker.swift in Sources */ = {isa = PBXBuildFile; fileRef = 9865F8E53011C6B400777207 /* MapLocationPicker.swift */; };
		98688A0B22D5936700A09AD0 /* Assets.xcassets in Resources */ = {isa = PBXBuildFile; fileRef = 98688A0A22D5936700A09AD0 /* Assets.xcassets */; };
		98688A0E22D5936700A09AD0 /* Main.storyboard in Resources */ = {isa = PBXBuildFile; fileRef = 98688A0C22D5936700A09AD0 /* Main.storyboard */; };
		98688A1422D5938500A09AD0 /* AppDelegate.swift in Sources */ = {isa = PBXBuildFile; fileRef = 607FACD51AFB9204008FA782 /* AppDelegate.swift */; };
		98688A1522D5938900A09AD0 /* Common.swift in Sources */ = {isa = PBXBuildFile; fileRef = 7057C8961F11DABC007A7FC2 /* Common.swift */; };
		987A6DCA22D595D200662010 /* ViewController.swift in Sources */ = {isa = PBXBuildFile; fileRef = 987A6DC922D595D200662010 /* ViewController.swift */; };
		987A6DCD22D595D200662010 /* Main.storyboard in Resources */ = {isa = PBXBuildFile; fileRef = 987A6DCB22D595D200662010 /* Main.storyboard */; };
		987A6DCF22D595D400662010 /* Assets.xcassets in Resources */ = {isa = PBXBuildFile; fileRef = 987A6DCE22D595D400662010 /* Assets.xcassets */; };
		9888ABB22A3A81C900FC9147 /* AlertViewModel.swift in Sources */ = {isa = PBXBuildFile; fileRef = 9888ABB12A3A81C900FC9147 /* AlertViewModel.swift */; };
		9890080F2A2ED3E7009A978F /* MainViewControllerTests.swift in Sources */ = {isa = PBXBuildFile; fileRef = 9890080E2A2ED3E7009A978F /* MainViewControllerTests.swift */; };
		98D1B5732A3A212000A85FBF /* ApiController.swift in Sources */ = {isa = PBXBuildFile; fileRef = 98D1B5722A3A212000A85FBF /* ApiController.swift */; };
		98D31F812A251AE200916A59 /* (null) in Sources */ = {isa = PBXBuildFile; };
		98DC785522D5963C00F72DBA /* AppDelegate.swift in Sources */ = {isa = PBXBuildFile; fileRef = 607FACD51AFB9204008FA782 /* AppDelegate.swift */; };
		98DC785622D5964700F72DBA /* Common.swift in Sources */ = {isa = PBXBuildFile; fileRef = 7057C8961F11DABC007A7FC2 /* Common.swift */; };
		A00100000000000000000001 /* Common.swift in Sources */ = {isa = PBXBuildFile; fileRef = 7057C8961F11DABC007A7FC2 /* Common.swift */; };
		A00100000000000000000002 /* ApiInfoViewController.swift in Sources */ = {isa = PBXBuildFile; fileRef = 70ED9F541F17AC4C00F8DFB9 /* ApiInfoViewController.swift */; };
		A00100000000000000000003 /* ApiController.swift in Sources */ = {isa = PBXBuildFile; fileRef = 98D1B5722A3A212000A85FBF /* ApiController.swift */; };
		A00100000000000000000004 /* AlertViewModel.swift in Sources */ = {isa = PBXBuildFile; fileRef = 9888ABB12A3A81C900FC9147 /* AlertViewModel.swift */; };
		A00100000000000000000005 /* ApiListViewController.swift in Sources */ = {isa = PBXBuildFile; fileRef = 70ED9F4F1F16C45300F8DFB9 /* ApiListViewController.swift */; };
		A00100000000000000000006 /* MainViewController.swift in Sources */ = {isa = PBXBuildFile; fileRef = 607FACD71AFB9204008FA782 /* MainViewController.swift */; };
		A00100000000000000000007 /* AppDelegate.swift in Sources */ = {isa = PBXBuildFile; fileRef = 607FACD51AFB9204008FA782 /* AppDelegate.swift */; };
		A00100000000000000000008 /* Main.storyboard in Resources */ = {isa = PBXBuildFile; fileRef = 607FACD91AFB9204008FA782 /* Main.storyboard */; };
		A00100000000000000000009 /* LaunchScreen.xib in Resources */ = {isa = PBXBuildFile; fileRef = 607FACDE1AFB9204008FA782 /* LaunchScreen.xib */; };
		A0010000000000000000000A /* Images.xcassets in Resources */ = {isa = PBXBuildFile; fileRef = 607FACDC1AFB9204008FA782 /* Images.xcassets */; };
		A0010000000000000000000B /* Forescoop in Frameworks */ = {isa = PBXBuildFile; productRef = A0010000000000000000000C /* Forescoop */; };
		AA0100000000000000000001 /* WatchOnlyApp.swift in Sources */ = {isa = PBXBuildFile; fileRef = AA0100000000000000000012 /* WatchOnlyApp.swift */; };
		AA0100000000000000000002 /* Forescoop in Frameworks */ = {isa = PBXBuildFile; productRef = AA0100000000000000000009 /* Forescoop */; };
		B00100000000000000000001 /* Common.swift in Sources */ = {isa = PBXBuildFile; fileRef = 7057C8961F11DABC007A7FC2 /* Common.swift */; };
		B00100000000000000000002 /* ApiInfoViewController.swift in Sources */ = {isa = PBXBuildFile; fileRef = 70ED9F541F17AC4C00F8DFB9 /* ApiInfoViewController.swift */; };
		B00100000000000000000003 /* ApiController.swift in Sources */ = {isa = PBXBuildFile; fileRef = 98D1B5722A3A212000A85FBF /* ApiController.swift */; };
		B00100000000000000000004 /* AlertViewModel.swift in Sources */ = {isa = PBXBuildFile; fileRef = 9888ABB12A3A81C900FC9147 /* AlertViewModel.swift */; };
		B00100000000000000000005 /* ApiListViewController.swift in Sources */ = {isa = PBXBuildFile; fileRef = 70ED9F4F1F16C45300F8DFB9 /* ApiListViewController.swift */; };
		B00100000000000000000006 /* MainViewController.swift in Sources */ = {isa = PBXBuildFile; fileRef = 607FACD71AFB9204008FA782 /* MainViewController.swift */; };
		B00100000000000000000007 /* AppDelegate.swift in Sources */ = {isa = PBXBuildFile; fileRef = 607FACD51AFB9204008FA782 /* AppDelegate.swift */; };
		B00100000000000000000008 /* Main.storyboard in Resources */ = {isa = PBXBuildFile; fileRef = 607FACD91AFB9204008FA782 /* Main.storyboard */; };
		B00100000000000000000009 /* LaunchScreen.xib in Resources */ = {isa = PBXBuildFile; fileRef = 607FACDE1AFB9204008FA782 /* LaunchScreen.xib */; };
		B0010000000000000000000A /* Images.xcassets in Resources */ = {isa = PBXBuildFile; fileRef = 607FACDC1AFB9204008FA782 /* Images.xcassets */; };
		B0010000000000000000000B /* Forescoop in Frameworks */ = {isa = PBXBuildFile; productRef = B0010000000000000000000C /* Forescoop */; };
		C00100000000000000000001 /* ForecastDashboardView.swift in Sources */ = {isa = PBXBuildFile; fileRef = C00100000000000000000003 /* ForecastDashboardView.swift */; };
		C00100000000000000000002 /* ForecastDashboardView.swift in Sources */ = {isa = PBXBuildFile; fileRef = C00100000000000000000003 /* ForecastDashboardView.swift */; };
		CA0100000000000000000001 /* ForecastDashboardView.swift in Sources */ = {isa = PBXBuildFile; fileRef = C00100000000000000000003 /* ForecastDashboardView.swift */; };
		CA0100000000000000000002 /* AnimatedWeatherBackground.swift in Sources */ = {isa = PBXBuildFile; fileRef = D00100000000000000000003 /* AnimatedWeatherBackground.swift */; };
		CA0100000000000000000003 /* ForecastModelPicker.swift in Sources */ = {isa = PBXBuildFile; fileRef = 9865F8D93011C07F00777207 /* ForecastModelPicker.swift */; };
		CA0100000000000000000004 /* WindguruLoginView.swift in Sources */ = {isa = PBXBuildFile; fileRef = 9865F8DD3011C0A200777207 /* WindguruLoginView.swift */; };
		CA0100000000000000000005 /* WindguruSpotPicker.swift in Sources */ = {isa = PBXBuildFile; fileRef = 9865F8E13011C0E200777207 /* WindguruSpotPicker.swift */; };
		CA0100000000000000000006 /* MapLocationPicker.swift in Sources */ = {isa = PBXBuildFile; fileRef = 9865F8E53011C6B400777207 /* MapLocationPicker.swift */; };
		C0DE00000000000000000011 /* Forescoop in Frameworks */ = {isa = PBXBuildFile; productRef = C0DE00000000000000000001 /* Forescoop */; };
		C0DE00000000000000000012 /* Forescoop in Frameworks */ = {isa = PBXBuildFile; productRef = C0DE00000000000000000002 /* Forescoop */; };
		C0DE00000000000000000013 /* Forescoop in Frameworks */ = {isa = PBXBuildFile; productRef = C0DE00000000000000000003 /* Forescoop */; };
		C0DE00000000000000000014 /* Forescoop in Frameworks */ = {isa = PBXBuildFile; productRef = C0DE00000000000000000004 /* Forescoop */; };
		C0DE00000000000000000015 /* Forescoop in Frameworks */ = {isa = PBXBuildFile; productRef = C0DE00000000000000000005 /* Forescoop */; };
		D00100000000000000000001 /* AnimatedWeatherBackground.swift in Sources */ = {isa = PBXBuildFile; fileRef = D00100000000000000000003 /* AnimatedWeatherBackground.swift */; };
		D00100000000000000000002 /* AnimatedWeatherBackground.swift in Sources */ = {isa = PBXBuildFile; fileRef = D00100000000000000000003 /* AnimatedWeatherBackground.swift */; };
		E00100000000000000000001 /* VisionForecastView.swift in Sources */ = {isa = PBXBuildFile; fileRef = E00100000000000000000003 /* VisionForecastView.swift */; };
		F00100000000000000000001 /* VisionForescoopApp.swift in Sources */ = {isa = PBXBuildFile; fileRef = F00100000000000000000003 /* VisionForescoopApp.swift */; };
		F00100000000000000000002 /* VisionLocationsView.swift in Sources */ = {isa = PBXBuildFile; fileRef = F00100000000000000000004 /* VisionLocationsView.swift */; };
/* End PBXBuildFile section */

/* Begin PBXContainerItemProxy section */
		7066F6DB1F95ADD400D126C1 /* PBXContainerItemProxy */ = {
			isa = PBXContainerItemProxy;
			containerPortal = 607FACC81AFB9204008FA782 /* Project object */;
			proxyType = 1;
			remoteGlobalIDString = 7066F6D81F95ADD400D126C1;
			remoteInfo = "Forescoop Extension";
		};
		7066F6E81F95ADD400D126C1 /* PBXContainerItemProxy */ = {
			isa = PBXContainerItemProxy;
			containerPortal = 607FACC81AFB9204008FA782 /* Project object */;
			proxyType = 1;
			remoteGlobalIDString = 7066F6CC1F95ADD400D126C1;
			remoteInfo = Forescoop;
		};
		70BAA9F01F276C5B004CD577 /* PBXContainerItemProxy */ = {
			isa = PBXContainerItemProxy;
			containerPortal = 607FACC81AFB9204008FA782 /* Project object */;
			proxyType = 1;
			remoteGlobalIDString = 70BAA9A41F276B4F004CD577;
			remoteInfo = ForescoopPure_Example;
		};
/* End PBXContainerItemProxy section */

/* Begin PBXCopyFilesBuildPhase section */
		7066F6EE1F95ADD400D126C1 /* Embed Foundation Extensions */ = {
			isa = PBXCopyFilesBuildPhase;
			buildActionMask = 2147483647;
			dstPath = "";
			dstSubfolderSpec = 13;
			files = (
				7066F6DA1F95ADD400D126C1 /* Forescoop Extension.appex in Embed Foundation Extensions */,
			);
			name = "Embed Foundation Extensions";
			runOnlyForDeploymentPostprocessing = 0;
		};
		70BAA9B71F276B4F004CD577 /* Embed Watch Content */ = {
			isa = PBXCopyFilesBuildPhase;
			buildActionMask = 2147483647;
			dstPath = "$(CONTENTS_FOLDER_PATH)/Watch";
			dstSubfolderSpec = 16;
			files = (
				7066F6EA1F95ADD400D126C1 /* Forescoop.app in Embed Watch Content */,
			);
			name = "Embed Watch Content";
			runOnlyForDeploymentPostprocessing = 0;
		};
/* End PBXCopyFilesBuildPhase section */

/* Begin PBXFileReference section */
		607FACD41AFB9204008FA782 /* Info.plist */ = {isa = PBXFileReference; lastKnownFileType = text.plist.xml; path = Info.plist; sourceTree = "<group>"; };
		607FACD51AFB9204008FA782 /* AppDelegate.swift */ = {isa = PBXFileReference; lastKnownFileType = sourcecode.swift; path = AppDelegate.swift; sourceTree = "<group>"; };
		607FACD71AFB9204008FA782 /* MainViewController.swift */ = {isa = PBXFileReference; lastKnownFileType = sourcecode.swift; path = MainViewController.swift; sourceTree = "<group>"; };
		607FACDA1AFB9204008FA782 /* Base */ = {isa = PBXFileReference; lastKnownFileType = file.storyboard; name = Base; path = Base.lproj/Main.storyboard; sourceTree = "<group>"; };
		607FACDC1AFB9204008FA782 /* Images.xcassets */ = {isa = PBXFileReference; lastKnownFileType = folder.assetcatalog; path = Images.xcassets; sourceTree = "<group>"; };
		607FACDF1AFB9204008FA782 /* Base */ = {isa = PBXFileReference; lastKnownFileType = file.xib; name = Base; path = Base.lproj/LaunchScreen.xib; sourceTree = "<group>"; };
		607FACEA1AFB9204008FA782 /* Info.plist */ = {isa = PBXFileReference; lastKnownFileType = text.plist.xml; path = Info.plist; sourceTree = "<group>"; };
		7057C8961F11DABC007A7FC2 /* Common.swift */ = {isa = PBXFileReference; fileEncoding = 4; lastKnownFileType = sourcecode.swift; path = Common.swift; sourceTree = "<group>"; };
		7066F6CD1F95ADD400D126C1 /* Forescoop.app */ = {isa = PBXFileReference; explicitFileType = wrapper.application; includeInIndex = 0; path = Forescoop.app; sourceTree = BUILT_PRODUCTS_DIR; };
		7066F6D01F95ADD400D126C1 /* Base */ = {isa = PBXFileReference; lastKnownFileType = file.storyboard; name = Base; path = Base.lproj/Interface.storyboard; sourceTree = "<group>"; };
		7066F6D21F95ADD400D126C1 /* Assets.xcassets */ = {isa = PBXFileReference; lastKnownFileType = folder.assetcatalog; path = Assets.xcassets; sourceTree = "<group>"; };
		7066F6D41F95ADD400D126C1 /* Info.plist */ = {isa = PBXFileReference; lastKnownFileType = text.plist.xml; path = Info.plist; sourceTree = "<group>"; };
		7066F6D91F95ADD400D126C1 /* Forescoop Extension.appex */ = {isa = PBXFileReference; explicitFileType = "wrapper.app-extension"; includeInIndex = 0; path = "Forescoop Extension.appex"; sourceTree = BUILT_PRODUCTS_DIR; };
		7066F6DE1F95ADD400D126C1 /* InterfaceController.swift */ = {isa = PBXFileReference; lastKnownFileType = sourcecode.swift; path = InterfaceController.swift; sourceTree = "<group>"; };
		7066F6E01F95ADD400D126C1 /* ExtensionDelegate.swift */ = {isa = PBXFileReference; lastKnownFileType = sourcecode.swift; path = ExtensionDelegate.swift; sourceTree = "<group>"; };
		7066F6E21F95ADD400D126C1 /* NotificationController.swift */ = {isa = PBXFileReference; lastKnownFileType = sourcecode.swift; path = NotificationController.swift; sourceTree = "<group>"; };
		7066F6E41F95ADD400D126C1 /* Assets.xcassets */ = {isa = PBXFileReference; lastKnownFileType = folder.assetcatalog; path = Assets.xcassets; sourceTree = "<group>"; };
		7066F6E61F95ADD400D126C1 /* Info.plist */ = {isa = PBXFileReference; lastKnownFileType = text.plist.xml; path = Info.plist; sourceTree = "<group>"; };
		7066F6E71F95ADD400D126C1 /* PushNotificationPayload.apns */ = {isa = PBXFileReference; lastKnownFileType = text; path = PushNotificationPayload.apns; sourceTree = "<group>"; };
		70BAA9BC1F276B4F004CD577 /* Forescoop_Example.app */ = {isa = PBXFileReference; explicitFileType = wrapper.application; includeInIndex = 0; path = Forescoop_Example.app; sourceTree = BUILT_PRODUCTS_DIR; };
		70BAA9BD1F276B50004CD577 /* Forescoop_Example-Info.plist */ = {isa = PBXFileReference; lastKnownFileType = text.plist.xml; name = "Forescoop_Example-Info.plist"; path = "/Users/javierfuchs/Job/southfox/forescoop/Example/Forescoop_Example-Info.plist"; sourceTree = "<absolute>"; };
		70BAA9CC1F276B6F004CD577 /* Forescoop_Tests.xctest */ = {isa = PBXFileReference; explicitFileType = wrapper.cfbundle; includeInIndex = 0; path = Forescoop_Tests.xctest; sourceTree = BUILT_PRODUCTS_DIR; };
		70BAA9CD1F276B6F004CD577 /* Forescoop_Tests-Info.plist */ = {isa = PBXFileReference; lastKnownFileType = text.plist.xml; name = "Forescoop_Tests-Info.plist"; path = "/Users/javierfuchs/Job/southfox/forescoop/Example/Forescoop_Tests-Info.plist"; sourceTree = "<absolute>"; };
		70BAA9DB1F276B79004CD577 /* ForescoopWatch-Info.plist */ = {isa = PBXFileReference; lastKnownFileType = text.plist.xml; name = "ForescoopWatch-Info.plist"; path = "/Users/javierfuchs/Job/southfox/forescoop/Example/ForescoopWatch-Info.plist"; sourceTree = "<absolute>"; };
		70BAA9EF1F276B83004CD577 /* ForescoopWatch Extension-Info.plist */ = {isa = PBXFileReference; lastKnownFileType = text.plist.xml; name = "ForescoopWatch Extension-Info.plist"; path = "/Users/javierfuchs/Job/southfox/forescoop/Example/ForescoopWatch Extension-Info.plist"; sourceTree = "<absolute>"; };
		70ED9F4F1F16C45300F8DFB9 /* ApiListViewController.swift */ = {isa = PBXFileReference; fileEncoding = 4; lastKnownFileType = sourcecode.swift; path = ApiListViewController.swift; sourceTree = "<group>"; };
		70ED9F541F17AC4C00F8DFB9 /* ApiInfoViewController.swift */ = {isa = PBXFileReference; fileEncoding = 4; lastKnownFileType = sourcecode.swift; path = ApiInfoViewController.swift; sourceTree = "<group>"; };
		9865F8D93011C07F00777207 /* ForecastModelPicker.swift */ = {isa = PBXFileReference; lastKnownFileType = sourcecode.swift; path = ForecastModelPicker.swift; sourceTree = "<group>"; };
		9865F8DD3011C0A200777207 /* WindguruLoginView.swift */ = {isa = PBXFileReference; lastKnownFileType = sourcecode.swift; path = WindguruLoginView.swift; sourceTree = "<group>"; };
		9865F8E13011C0E200777207 /* WindguruSpotPicker.swift */ = {isa = PBXFileReference; lastKnownFileType = sourcecode.swift; path = WindguruSpotPicker.swift; sourceTree = "<group>"; };
		9865F8E53011C6B400777207 /* MapLocationPicker.swift */ = {isa = PBXFileReference; lastKnownFileType = sourcecode.swift; path = MapLocationPicker.swift; sourceTree = "<group>"; };
		98688A0422D5936400A09AD0 /* ForescoopMacOS.app */ = {isa = PBXFileReference; explicitFileType = wrapper.application; includeInIndex = 0; path = ForescoopMacOS.app; sourceTree = BUILT_PRODUCTS_DIR; };
		98688A0A22D5936700A09AD0 /* Assets.xcassets */ = {isa = PBXFileReference; lastKnownFileType = folder.assetcatalog; path = Assets.xcassets; sourceTree = "<group>"; };
		98688A0D22D5936700A09AD0 /* Base */ = {isa = PBXFileReference; lastKnownFileType = file.storyboard; name = Base; path = Base.lproj/Main.storyboard; sourceTree = "<group>"; };
		98688A0F22D5936700A09AD0 /* Info.plist */ = {isa = PBXFileReference; lastKnownFileType = text.plist.xml; path = Info.plist; sourceTree = "<group>"; };
		98688A1022D5936700A09AD0 /* ForescoopMacOS.entitlements */ = {isa = PBXFileReference; lastKnownFileType = text.plist.entitlements; path = ForescoopMacOS.entitlements; sourceTree = "<group>"; };
		987A6DC522D595D200662010 /* ForescoopTVOS.app */ = {isa = PBXFileReference; explicitFileType = wrapper.application; includeInIndex = 0; path = ForescoopTVOS.app; sourceTree = BUILT_PRODUCTS_DIR; };
		987A6DC922D595D200662010 /* ViewController.swift */ = {isa = PBXFileReference; lastKnownFileType = sourcecode.swift; path = ViewController.swift; sourceTree = "<group>"; };
		987A6DCC22D595D200662010 /* Base */ = {isa = PBXFileReference; lastKnownFileType = file.storyboard; name = Base; path = Base.lproj/Main.storyboard; sourceTree = "<group>"; };
		987A6DCE22D595D400662010 /* Assets.xcassets */ = {isa = PBXFileReference; lastKnownFileType = folder.assetcatalog; path = Assets.xcassets; sourceTree = "<group>"; };
		987A6DD022D595D400662010 /* Info.plist */ = {isa = PBXFileReference; lastKnownFileType = text.plist.xml; path = Info.plist; sourceTree = "<group>"; };
		9888ABB12A3A81C900FC9147 /* AlertViewModel.swift */ = {isa = PBXFileReference; fileEncoding = 4; lastKnownFileType = sourcecode.swift; path = AlertViewModel.swift; sourceTree = "<group>"; };
		9890080E2A2ED3E7009A978F /* MainViewControllerTests.swift */ = {isa = PBXFileReference; fileEncoding = 4; lastKnownFileType = sourcecode.swift; path = MainViewControllerTests.swift; sourceTree = "<group>"; };
		98D1B5722A3A212000A85FBF /* ApiController.swift */ = {isa = PBXFileReference; lastKnownFileType = sourcecode.swift; path = ApiController.swift; sourceTree = "<group>"; };
		A0010000000000000000000D /* iOSnowatch.app */ = {isa = PBXFileReference; explicitFileType = wrapper.application; includeInIndex = 0; path = iOSnowatch.app; sourceTree = BUILT_PRODUCTS_DIR; };
		AA0100000000000000000011 /* ForescoopWatchOnly.app */ = {isa = PBXFileReference; explicitFileType = wrapper.application; includeInIndex = 0; path = ForescoopWatchOnly.app; sourceTree = BUILT_PRODUCTS_DIR; };
		AA0100000000000000000012 /* WatchOnlyApp.swift */ = {isa = PBXFileReference; lastKnownFileType = sourcecode.swift; path = WatchOnlyApp.swift; sourceTree = "<group>"; };
		B0010000000000000000000D /* ForescoopVisionOS.app */ = {isa = PBXFileReference; explicitFileType = wrapper.application; includeInIndex = 0; path = ForescoopVisionOS.app; sourceTree = BUILT_PRODUCTS_DIR; };
		C00100000000000000000003 /* ForecastDashboardView.swift */ = {isa = PBXFileReference; lastKnownFileType = sourcecode.swift; path = ForecastDashboardView.swift; sourceTree = "<group>"; };
		D00100000000000000000003 /* AnimatedWeatherBackground.swift */ = {isa = PBXFileReference; lastKnownFileType = sourcecode.swift; path = AnimatedWeatherBackground.swift; sourceTree = "<group>"; };
		E00100000000000000000003 /* VisionForecastView.swift */ = {isa = PBXFileReference; lastKnownFileType = sourcecode.swift; path = VisionForecastView.swift; sourceTree = "<group>"; };
		F00100000000000000000003 /* VisionForescoopApp.swift */ = {isa = PBXFileReference; lastKnownFileType = sourcecode.swift; path = VisionForescoopApp.swift; sourceTree = "<group>"; };
		F00100000000000000000004 /* VisionLocationsView.swift */ = {isa = PBXFileReference; lastKnownFileType = sourcecode.swift; path = VisionLocationsView.swift; sourceTree = "<group>"; };
/* End PBXFileReference section */

/* Begin PBXFrameworksBuildPhase section */
		53DBC3D4C4C0250E8C514F7C /* Frameworks */ = {
			isa = PBXFrameworksBuildPhase;
			buildActionMask = 2147483647;
			files = (
			);
			runOnlyForDeploymentPostprocessing = 0;
		};
		7066F6D61F95ADD400D126C1 /* Frameworks */ = {
			isa = PBXFrameworksBuildPhase;
			buildActionMask = 2147483647;
			files = (
				C0DE00000000000000000012 /* Forescoop in Frameworks */,
			);
			runOnlyForDeploymentPostprocessing = 0;
		};
		70BAA9AF1F276B4F004CD577 /* Frameworks */ = {
			isa = PBXFrameworksBuildPhase;
			buildActionMask = 2147483647;
			files = (
				C0DE00000000000000000011 /* Forescoop in Frameworks */,
			);
			runOnlyForDeploymentPostprocessing = 0;
		};
		70BAA9C41F276B6F004CD577 /* Frameworks */ = {
			isa = PBXFrameworksBuildPhase;
			buildActionMask = 2147483647;
			files = (
				C0DE00000000000000000013 /* Forescoop in Frameworks */,
			);
			runOnlyForDeploymentPostprocessing = 0;
		};
		98688A0122D5936400A09AD0 /* Frameworks */ = {
			isa = PBXFrameworksBuildPhase;
			buildActionMask = 2147483647;
			files = (
				C0DE00000000000000000014 /* Forescoop in Frameworks */,
			);
			runOnlyForDeploymentPostprocessing = 0;
		};
		987A6DC222D595D200662010 /* Frameworks */ = {
			isa = PBXFrameworksBuildPhase;
			buildActionMask = 2147483647;
			files = (
				C0DE00000000000000000015 /* Forescoop in Frameworks */,
			);
			runOnlyForDeploymentPostprocessing = 0;
		};
		A0010000000000000000000E /* Frameworks */ = {
			isa = PBXFrameworksBuildPhase;
			buildActionMask = 2147483647;
			files = (
				A0010000000000000000000B /* Forescoop in Frameworks */,
			);
			runOnlyForDeploymentPostprocessing = 0;
		};
		AA0100000000000000000004 /* Frameworks */ = {
			isa = PBXFrameworksBuildPhase;
			buildActionMask = 2147483647;
			files = (
				AA0100000000000000000002 /* Forescoop in Frameworks */,
			);
			runOnlyForDeploymentPostprocessing = 0;
		};
		B0010000000000000000000E /* Frameworks */ = {
			isa = PBXFrameworksBuildPhase;
			buildActionMask = 2147483647;
			files = (
				B0010000000000000000000B /* Forescoop in Frameworks */,
			);
			runOnlyForDeploymentPostprocessing = 0;
		};
/* End PBXFrameworksBuildPhase section */

/* Begin PBXGroup section */
		607FACC71AFB9204008FA782 = {
			isa = PBXGroup;
			children = (
				607FACD21AFB9204008FA782 /* Example for Forescoop */,
				607FACE81AFB9204008FA782 /* Tests */,
				7066F6CE1F95ADD400D126C1 /* Forescoop */,
				7066F6DD1F95ADD400D126C1 /* Forescoop Extension */,
				98688A0522D5936400A09AD0 /* ForescoopMacOS */,
				987A6DC622D595D200662010 /* ForescoopTVOS */,
				607FACD11AFB9204008FA782 /* Products */,
				70BAA9BD1F276B50004CD577 /* Forescoop_Example-Info.plist */,
				70BAA9CD1F276B6F004CD577 /* Forescoop_Tests-Info.plist */,
				70BAA9DB1F276B79004CD577 /* ForescoopWatch-Info.plist */,
				70BAA9EF1F276B83004CD577 /* ForescoopWatch Extension-Info.plist */,
			);
			sourceTree = "<group>";
		};
		607FACD11AFB9204008FA782 /* Products */ = {
			isa = PBXGroup;
			children = (
				70BAA9BC1F276B4F004CD577 /* Forescoop_Example.app */,
				A0010000000000000000000D /* iOSnowatch.app */,
				B0010000000000000000000D /* ForescoopVisionOS.app */,
				AA0100000000000000000011 /* ForescoopWatchOnly.app */,
				70BAA9CC1F276B6F004CD577 /* Forescoop_Tests.xctest */,
				7066F6CD1F95ADD400D126C1 /* Forescoop.app */,
				7066F6D91F95ADD400D126C1 /* Forescoop Extension.appex */,
				98688A0422D5936400A09AD0 /* ForescoopMacOS.app */,
				987A6DC522D595D200662010 /* ForescoopTVOS.app */,
			);
			name = Products;
			sourceTree = "<group>";
		};
		607FACD21AFB9204008FA782 /* Example for Forescoop */ = {
			isa = PBXGroup;
			children = (
				607FACD51AFB9204008FA782 /* AppDelegate.swift */,
				7057C8961F11DABC007A7FC2 /* Common.swift */,
				607FACD71AFB9204008FA782 /* MainViewController.swift */,
				C00100000000000000000003 /* ForecastDashboardView.swift */,
				D00100000000000000000003 /* AnimatedWeatherBackground.swift */,
				E00100000000000000000003 /* VisionForecastView.swift */,
				F00100000000000000000003 /* VisionForescoopApp.swift */,
				F00100000000000000000004 /* VisionLocationsView.swift */,
				AA0100000000000000000012 /* WatchOnlyApp.swift */,
				9865F8E13011C0E200777207 /* WindguruSpotPicker.swift */,
				9865F8E53011C6B400777207 /* MapLocationPicker.swift */,
				9865F8DD3011C0A200777207 /* WindguruLoginView.swift */,
				9865F8D93011C07F00777207 /* ForecastModelPicker.swift */,
				70ED9F4F1F16C45300F8DFB9 /* ApiListViewController.swift */,
				9888ABB12A3A81C900FC9147 /* AlertViewModel.swift */,
				98D1B5722A3A212000A85FBF /* ApiController.swift */,
				70ED9F541F17AC4C00F8DFB9 /* ApiInfoViewController.swift */,
				607FACD91AFB9204008FA782 /* Main.storyboard */,
				607FACDC1AFB9204008FA782 /* Images.xcassets */,
				607FACDE1AFB9204008FA782 /* LaunchScreen.xib */,
				607FACD31AFB9204008FA782 /* Supporting Files */,
			);
			name = "Example for Forescoop";
			path = Forescoop;
			sourceTree = "<group>";
		};
		607FACD31AFB9204008FA782 /* Supporting Files */ = {
			isa = PBXGroup;
			children = (
				607FACD41AFB9204008FA782 /* Info.plist */,
			);
			name = "Supporting Files";
			sourceTree = "<group>";
		};
		607FACE81AFB9204008FA782 /* Tests */ = {
			isa = PBXGroup;
			children = (
				9890080E2A2ED3E7009A978F /* MainViewControllerTests.swift */,
				607FACE91AFB9204008FA782 /* Supporting Files */,
			);
			path = Tests;
			sourceTree = "<group>";
		};
		607FACE91AFB9204008FA782 /* Supporting Files */ = {
			isa = PBXGroup;
			children = (
				607FACEA1AFB9204008FA782 /* Info.plist */,
			);
			name = "Supporting Files";
			sourceTree = "<group>";
		};
		7066F6CE1F95ADD400D126C1 /* Forescoop */ = {
			isa = PBXGroup;
			children = (
				7066F6CF1F95ADD400D126C1 /* Interface.storyboard */,
				7066F6D21F95ADD400D126C1 /* Assets.xcassets */,
				7066F6D41F95ADD400D126C1 /* Info.plist */,
			);
			path = Forescoop;
			sourceTree = "<group>";
		};
		7066F6DD1F95ADD400D126C1 /* Forescoop Extension */ = {
			isa = PBXGroup;
			children = (
				7066F6DE1F95ADD400D126C1 /* InterfaceController.swift */,
				7066F6E01F95ADD400D126C1 /* ExtensionDelegate.swift */,
				7066F6E21F95ADD400D126C1 /* NotificationController.swift */,
				7066F6E41F95ADD400D126C1 /* Assets.xcassets */,
				7066F6E61F95ADD400D126C1 /* Info.plist */,
				7066F6E71F95ADD400D126C1 /* PushNotificationPayload.apns */,
			);
			path = "Forescoop Extension";
			sourceTree = "<group>";
		};
		98688A0522D5936400A09AD0 /* ForescoopMacOS */ = {
			isa = PBXGroup;
			children = (
				98688A0A22D5936700A09AD0 /* Assets.xcassets */,
				98688A0C22D5936700A09AD0 /* Main.storyboard */,
				98688A0F22D5936700A09AD0 /* Info.plist */,
				98688A1022D5936700A09AD0 /* ForescoopMacOS.entitlements */,
			);
			path = ForescoopMacOS;
			sourceTree = "<group>";
		};
		987A6DC622D595D200662010 /* ForescoopTVOS */ = {
			isa = PBXGroup;
			children = (
				987A6DC922D595D200662010 /* ViewController.swift */,
				987A6DCB22D595D200662010 /* Main.storyboard */,
				987A6DCE22D595D400662010 /* Assets.xcassets */,
				987A6DD022D595D400662010 /* Info.plist */,
			);
			path = ForescoopTVOS;
			sourceTree = "<group>";
		};
/* End PBXGroup section */

/* Begin PBXNativeTarget section */
		7066F6CC1F95ADD400D126C1 /* Forescoop */ = {
			isa = PBXNativeTarget;
			buildConfigurationList = 7066F6EF1F95ADD400D126C1 /* Build configuration list for PBXNativeTarget "Forescoop" */;
			buildPhases = (
				7066F6CB1F95ADD400D126C1 /* Resources */,
				7066F6EE1F95ADD400D126C1 /* Embed Foundation Extensions */,
				53DBC3D4C4C0250E8C514F7C /* Frameworks */,
			);
			buildRules = (
			);
			dependencies = (
				7066F6DC1F95ADD400D126C1 /* PBXTargetDependency */,
			);
			name = Forescoop;
			productName = Forescoop;
			productReference = 7066F6CD1F95ADD400D126C1 /* Forescoop.app */;
			productType = "com.apple.product-type.application.watchapp2";
		};
		7066F6D81F95ADD400D126C1 /* Forescoop Extension */ = {
			isa = PBXNativeTarget;
			buildConfigurationList = 7066F6EB1F95ADD400D126C1 /* Build configuration list for PBXNativeTarget "Forescoop Extension" */;
			buildPhases = (
				7066F6D51F95ADD400D126C1 /* Sources */,
				7066F6D61F95ADD400D126C1 /* Frameworks */,
				7066F6D71F95ADD400D126C1 /* Resources */,
			);
			buildRules = (
			);
			dependencies = (
			);
			name = "Forescoop Extension";
			packageProductDependencies = (
				C0DE00000000000000000002 /* Forescoop */,
			);
			productName = "Forescoop Extension";
			productReference = 7066F6D91F95ADD400D126C1 /* Forescoop Extension.appex */;
			productType = "com.apple.product-type.watchkit2-extension";
		};
		70BAA9A41F276B4F004CD577 /* Forescoop_Example */ = {
			isa = PBXNativeTarget;
			buildConfigurationList = 70BAA9B91F276B4F004CD577 /* Build configuration list for PBXNativeTarget "Forescoop_Example" */;
			buildPhases = (
				70BAA9A81F276B4F004CD577 /* Sources */,
				70BAA9AF1F276B4F004CD577 /* Frameworks */,
				70BAA9B11F276B4F004CD577 /* Resources */,
				70BAA9B71F276B4F004CD577 /* Embed Watch Content */,
			);
			buildRules = (
			);
			dependencies = (
				7066F6E91F95ADD400D126C1 /* PBXTargetDependency */,
			);
			name = Forescoop_Example;
			packageProductDependencies = (
				C0DE00000000000000000001 /* Forescoop */,
			);
			productName = Forescoop;
			productReference = 70BAA9BC1F276B4F004CD577 /* Forescoop_Example.app */;
			productType = "com.apple.product-type.application";
		};
		70BAA9BE1F276B6F004CD577 /* Forescoop_Tests */ = {
			isa = PBXNativeTarget;
			buildConfigurationList = 70BAA9C91F276B6F004CD577 /* Build configuration list for PBXNativeTarget "Forescoop_Tests" */;
			buildPhases = (
				70BAA9C21F276B6F004CD577 /* Sources */,
				70BAA9C41F276B6F004CD577 /* Frameworks */,
				70BAA9C61F276B6F004CD577 /* Resources */,
			);
			buildRules = (
			);
			dependencies = (
				70BAA9F11F276C5B004CD577 /* PBXTargetDependency */,
			);
			name = Forescoop_Tests;
			packageProductDependencies = (
				C0DE00000000000000000003 /* Forescoop */,
			);
			productName = Tests;
			productReference = 70BAA9CC1F276B6F004CD577 /* Forescoop_Tests.xctest */;
			productType = "com.apple.product-type.bundle.unit-test";
		};
		98688A0322D5936400A09AD0 /* ForescoopMacOS */ = {
			isa = PBXNativeTarget;
			buildConfigurationList = 98688A1122D5936700A09AD0 /* Build configuration list for PBXNativeTarget "ForescoopMacOS" */;
			buildPhases = (
				98688A0022D5936400A09AD0 /* Sources */,
				98688A0122D5936400A09AD0 /* Frameworks */,
				98688A0222D5936400A09AD0 /* Resources */,
			);
			buildRules = (
			);
			dependencies = (
			);
			name = ForescoopMacOS;
			packageProductDependencies = (
				C0DE00000000000000000004 /* Forescoop */,
			);
			productName = ForescoopMacOS;
			productReference = 98688A0422D5936400A09AD0 /* ForescoopMacOS.app */;
			productType = "com.apple.product-type.application";
		};
		987A6DC422D595D200662010 /* ForescoopTVOS */ = {
			isa = PBXNativeTarget;
			buildConfigurationList = 987A6DD122D595D400662010 /* Build configuration list for PBXNativeTarget "ForescoopTVOS" */;
			buildPhases = (
				987A6DC122D595D200662010 /* Sources */,
				987A6DC222D595D200662010 /* Frameworks */,
				987A6DC322D595D200662010 /* Resources */,
			);
			buildRules = (
			);
			dependencies = (
			);
			name = ForescoopTVOS;
			packageProductDependencies = (
				C0DE00000000000000000005 /* Forescoop */,
			);
			productName = ForescoopTVOS;
			productReference = 987A6DC522D595D200662010 /* ForescoopTVOS.app */;
			productType = "com.apple.product-type.application";
		};
		A0010000000000000000000F /* iOSnowatch */ = {
			isa = PBXNativeTarget;
			buildConfigurationList = A00100000000000000000010 /* Build configuration list for PBXNativeTarget "iOSnowatch" */;
			buildPhases = (
				A00100000000000000000011 /* Sources */,
				A0010000000000000000000E /* Frameworks */,
				A00100000000000000000012 /* Resources */,
			);
			buildRules = (
			);
			dependencies = (
			);
			name = iOSnowatch;
			packageProductDependencies = (
				A0010000000000000000000C /* Forescoop */,
			);
			productName = iOSnowatch;
			productReference = A0010000000000000000000D /* iOSnowatch.app */;
			productType = "com.apple.product-type.application";
		};
		AA0100000000000000000005 /* ForescoopWatchOnly */ = {
			isa = PBXNativeTarget;
			buildConfigurationList = AA0100000000000000000006 /* Build configuration list for PBXNativeTarget "ForescoopWatchOnly" */;
			buildPhases = (
				AA0100000000000000000003 /* Sources */,
				AA0100000000000000000004 /* Frameworks */,
			);
			buildRules = (
			);
			dependencies = (
			);
			name = ForescoopWatchOnly;
			packageProductDependencies = (
				AA0100000000000000000009 /* Forescoop */,
			);
			productName = ForescoopWatchOnly;
			productReference = AA0100000000000000000011 /* ForescoopWatchOnly.app */;
			productType = "com.apple.product-type.application";
		};
		B0010000000000000000000F /* ForescoopVisionOS */ = {
			isa = PBXNativeTarget;
			buildConfigurationList = B00100000000000000000010 /* Build configuration list for PBXNativeTarget "ForescoopVisionOS" */;
			buildPhases = (
				B00100000000000000000011 /* Sources */,
				B0010000000000000000000E /* Frameworks */,
				B00100000000000000000012 /* Resources */,
			);
			buildRules = (
			);
			dependencies = (
			);
			name = ForescoopVisionOS;
			packageProductDependencies = (
				B0010000000000000000000C /* Forescoop */,
			);
			productName = ForescoopVisionOS;
			productReference = B0010000000000000000000D /* ForescoopVisionOS.app */;
			productType = "com.apple.product-type.application";
		};
/* End PBXNativeTarget section */

/* Begin PBXProject section */
		607FACC81AFB9204008FA782 /* Project object */ = {
			isa = PBXProject;
			attributes = {
				LastSwiftUpdateCheck = 1020;
				LastUpgradeCheck = 1420;
				ORGANIZATIONNAME = Forescoop;
				TargetAttributes = {
					7066F6CC1F95ADD400D126C1 = {
						CreatedOnToolsVersion = 9.0;
						ProvisioningStyle = Automatic;
					};
					7066F6D81F95ADD400D126C1 = {
						CreatedOnToolsVersion = 9.0;
						DevelopmentTeam = 27XTSJS68A;
						LastSwiftMigration = "";
						ProvisioningStyle = Automatic;
					};
					70BAA9A41F276B4F004CD577 = {
						LastSwiftMigration = "";
					};
					70BAA9BE1F276B6F004CD577 = {
						LastSwiftMigration = "";
						TestTargetID = 70BAA9A41F276B4F004CD577;
					};
					98688A0322D5936400A09AD0 = {
						CreatedOnToolsVersion = 10.2.1;
						ProvisioningStyle = Automatic;
						SystemCapabilities = {
							com.apple.NetworkExtensions = {
								enabled = 0;
							};
							com.apple.Sandbox = {
								enabled = 1;
							};
						};
					};
					987A6DC422D595D200662010 = {
						CreatedOnToolsVersion = 10.2.1;
						DevelopmentTeam = 27XTSJS68A;
						ProvisioningStyle = Automatic;
					};
				};
			};
			buildConfigurationList = 607FACCB1AFB9204008FA782 /* Build configuration list for PBXProject "Forescoop" */;
			compatibilityVersion = "Xcode 3.2";
			developmentRegion = en;
			hasScannedForEncodings = 0;
			knownRegions = (
				en,
				Base,
			);
			mainGroup = 607FACC71AFB9204008FA782;
			packageReferences = (
				C0DE00000000000000000000 /* XCLocalSwiftPackageReference ".." */,
			);
			productRefGroup = 607FACD11AFB9204008FA782 /* Products */;
			projectDirPath = "";
			projectRoot = "";
			targets = (
				70BAA9A41F276B4F004CD577 /* Forescoop_Example */,
				A0010000000000000000000F /* iOSnowatch */,
				B0010000000000000000000F /* ForescoopVisionOS */,
				AA0100000000000000000005 /* ForescoopWatchOnly */,
				70BAA9BE1F276B6F004CD577 /* Forescoop_Tests */,
				7066F6CC1F95ADD400D126C1 /* Forescoop */,
				7066F6D81F95ADD400D126C1 /* Forescoop Extension */,
				98688A0322D5936400A09AD0 /* ForescoopMacOS */,
				987A6DC422D595D200662010 /* ForescoopTVOS */,
			);
		};
/* End PBXProject section */

/* Begin PBXResourcesBuildPhase section */
		7066F6CB1F95ADD400D126C1 /* Resources */ = {
			isa = PBXResourcesBuildPhase;
			buildActionMask = 2147483647;
			files = (
				7066F6D31F95ADD400D126C1 /* Assets.xcassets in Resources */,
				7066F6D11F95ADD400D126C1 /* Interface.storyboard in Resources */,
			);
			runOnlyForDeploymentPostprocessing = 0;
		};
		7066F6D71F95ADD400D126C1 /* Resources */ = {
			isa = PBXResourcesBuildPhase;
			buildActionMask = 2147483647;
			files = (
				7066F6E51F95ADD400D126C1 /* Assets.xcassets in Resources */,
			);
			runOnlyForDeploymentPostprocessing = 0;
		};
		70BAA9B11F276B4F004CD577 /* Resources */ = {
			isa = PBXResourcesBuildPhase;
			buildActionMask = 2147483647;
			files = (
				70BAA9B21F276B4F004CD577 /* Main.storyboard in Resources */,
				70BAA9B31F276B4F004CD577 /* LaunchScreen.xib in Resources */,
				70BAA9B41F276B4F004CD577 /* Images.xcassets in Resources */,
			);
			runOnlyForDeploymentPostprocessing = 0;
		};
		70BAA9C61F276B6F004CD577 /* Resources */ = {
			isa = PBXResourcesBuildPhase;
			buildActionMask = 2147483647;
			files = (
			);
			runOnlyForDeploymentPostprocessing = 0;
		};
		98688A0222D5936400A09AD0 /* Resources */ = {
			isa = PBXResourcesBuildPhase;
			buildActionMask = 2147483647;
			files = (
				98688A0B22D5936700A09AD0 /* Assets.xcassets in Resources */,
				98688A0E22D5936700A09AD0 /* Main.storyboard in Resources */,
			);
			runOnlyForDeploymentPostprocessing = 0;
		};
		987A6DC322D595D200662010 /* Resources */ = {
			isa = PBXResourcesBuildPhase;
			buildActionMask = 2147483647;
			files = (
				987A6DCF22D595D400662010 /* Assets.xcassets in Resources */,
				987A6DCD22D595D200662010 /* Main.storyboard in Resources */,
			);
			runOnlyForDeploymentPostprocessing = 0;
		};
		A00100000000000000000012 /* Resources */ = {
			isa = PBXResourcesBuildPhase;
			buildActionMask = 2147483647;
			files = (
				A00100000000000000000008 /* Main.storyboard in Resources */,
				A00100000000000000000009 /* LaunchScreen.xib in Resources */,
				A0010000000000000000000A /* Images.xcassets in Resources */,
			);
			runOnlyForDeploymentPostprocessing = 0;
		};
		B00100000000000000000012 /* Resources */ = {
			isa = PBXResourcesBuildPhase;
			buildActionMask = 2147483647;
			files = (
				B00100000000000000000008 /* Main.storyboard in Resources */,
				B00100000000000000000009 /* LaunchScreen.xib in Resources */,
				B0010000000000000000000A /* Images.xcassets in Resources */,
			);
			runOnlyForDeploymentPostprocessing = 0;
		};
/* End PBXResourcesBuildPhase section */

/* Begin PBXSourcesBuildPhase section */
		7066F6D51F95ADD400D126C1 /* Sources */ = {
			isa = PBXSourcesBuildPhase;
			buildActionMask = 2147483647;
			files = (
				7066F6F21F95AF4900D126C1 /* Common.swift in Sources */,
				7066F6E31F95ADD400D126C1 /* NotificationController.swift in Sources */,
				7066F6E11F95ADD400D126C1 /* ExtensionDelegate.swift in Sources */,
				7066F6DF1F95ADD400D126C1 /* InterfaceController.swift in Sources */,
			);
			runOnlyForDeploymentPostprocessing = 0;
		};
		70BAA9A81F276B4F004CD577 /* Sources */ = {
			isa = PBXSourcesBuildPhase;
			buildActionMask = 2147483647;
			files = (
				70BAA9AB1F276B4F004CD577 /* Common.swift in Sources */,
				70EC64DD1F952C91005E2C29 /* ApiInfoViewController.swift in Sources */,
				98D1B5732A3A212000A85FBF /* ApiController.swift in Sources */,
				9865F8DF3011C0A200777207 /* WindguruLoginView.swift in Sources */,
				9865F8E43011C0E200777207 /* WindguruSpotPicker.swift in Sources */,
				9888ABB22A3A81C900FC9147 /* AlertViewModel.swift in Sources */,
				9865F8DC3011C07F00777207 /* ForecastModelPicker.swift in Sources */,
				70EC64DC1F952C8F005E2C29 /* ApiListViewController.swift in Sources */,
				70BAA9AD1F276B4F004CD577 /* MainViewController.swift in Sources */,
				70BAA9AE1F276B4F004CD577 /* AppDelegate.swift in Sources */,
				C00100000000000000000001 /* ForecastDashboardView.swift in Sources */,
				D00100000000000000000001 /* AnimatedWeatherBackground.swift in Sources */,
				9865F8E63011C6B400777207 /* MapLocationPicker.swift in Sources */,
			);
			runOnlyForDeploymentPostprocessing = 0;
		};
		70BAA9C21F276B6F004CD577 /* Sources */ = {
			isa = PBXSourcesBuildPhase;
			buildActionMask = 2147483647;
			files = (
				9890080F2A2ED3E7009A978F /* MainViewControllerTests.swift in Sources */,
				98D31F812A251AE200916A59 /* (null) in Sources */,
			);
			runOnlyForDeploymentPostprocessing = 0;
		};
		98688A0022D5936400A09AD0 /* Sources */ = {
			isa = PBXSourcesBuildPhase;
			buildActionMask = 2147483647;
			files = (
				CA0100000000000000000001 /* ForecastDashboardView.swift in Sources */,
				CA0100000000000000000002 /* AnimatedWeatherBackground.swift in Sources */,
				CA0100000000000000000003 /* ForecastModelPicker.swift in Sources */,
				CA0100000000000000000004 /* WindguruLoginView.swift in Sources */,
				CA0100000000000000000005 /* WindguruSpotPicker.swift in Sources */,
				CA0100000000000000000006 /* MapLocationPicker.swift in Sources */,
				98688A1522D5938900A09AD0 /* Common.swift in Sources */,
				98688A1422D5938500A09AD0 /* AppDelegate.swift in Sources */,
			);
			runOnlyForDeploymentPostprocessing = 0;
		};
		987A6DC122D595D200662010 /* Sources */ = {
			isa = PBXSourcesBuildPhase;
			buildActionMask = 2147483647;
			files = (
				98DC785522D5963C00F72DBA /* AppDelegate.swift in Sources */,
				98DC785622D5964700F72DBA /* Common.swift in Sources */,
				987A6DCA22D595D200662010 /* ViewController.swift in Sources */,
			);
			runOnlyForDeploymentPostprocessing = 0;
		};
		A00100000000000000000011 /* Sources */ = {
			isa = PBXSourcesBuildPhase;
			buildActionMask = 2147483647;
			files = (
				A00100000000000000000001 /* Common.swift in Sources */,
				A00100000000000000000002 /* ApiInfoViewController.swift in Sources */,
				A00100000000000000000003 /* ApiController.swift in Sources */,
				9865F8DE3011C0A200777207 /* WindguruLoginView.swift in Sources */,
				9865F8E33011C0E200777207 /* WindguruSpotPicker.swift in Sources */,
				A00100000000000000000004 /* AlertViewModel.swift in Sources */,
				9865F8DB3011C07F00777207 /* ForecastModelPicker.swift in Sources */,
				A00100000000000000000005 /* ApiListViewController.swift in Sources */,
				A00100000000000000000006 /* MainViewController.swift in Sources */,
				A00100000000000000000007 /* AppDelegate.swift in Sources */,
				C00100000000000000000002 /* ForecastDashboardView.swift in Sources */,
				D00100000000000000000002 /* AnimatedWeatherBackground.swift in Sources */,
				9865F8E73011C6B400777207 /* MapLocationPicker.swift in Sources */,
			);
			runOnlyForDeploymentPostprocessing = 0;
		};
		AA0100000000000000000003 /* Sources */ = {
			isa = PBXSourcesBuildPhase;
			buildActionMask = 2147483647;
			files = (
				AA0100000000000000000001 /* WatchOnlyApp.swift in Sources */,
			);
			runOnlyForDeploymentPostprocessing = 0;
		};
		B00100000000000000000011 /* Sources */ = {
			isa = PBXSourcesBuildPhase;
			buildActionMask = 2147483647;
			files = (
				B00100000000000000000001 /* Common.swift in Sources */,
				B00100000000000000000002 /* ApiInfoViewController.swift in Sources */,
				9865F8DA3011C07F00777207 /* ForecastModelPicker.swift in Sources */,
				B00100000000000000000003 /* ApiController.swift in Sources */,
				9865F8E83011C6B400777207 /* MapLocationPicker.swift in Sources */,
				9865F8E23011C0E200777207 /* WindguruSpotPicker.swift in Sources */,
				B00100000000000000000004 /* AlertViewModel.swift in Sources */,
				B00100000000000000000005 /* ApiListViewController.swift in Sources */,
				B00100000000000000000006 /* MainViewController.swift in Sources */,
				9865F8E03011C0A200777207 /* WindguruLoginView.swift in Sources */,
				B00100000000000000000007 /* AppDelegate.swift in Sources */,
				E00100000000000000000001 /* VisionForecastView.swift in Sources */,
				F00100000000000000000001 /* VisionForescoopApp.swift in Sources */,
				F00100000000000000000002 /* VisionLocationsView.swift in Sources */,
			);
			runOnlyForDeploymentPostprocessing = 0;
		};
/* End PBXSourcesBuildPhase section */

/* Begin PBXTargetDependency section */
		7066F6DC1F95ADD400D126C1 /* PBXTargetDependency */ = {
			isa = PBXTargetDependency;
			target = 7066F6D81F95ADD400D126C1 /* Forescoop Extension */;
			targetProxy = 7066F6DB1F95ADD400D126C1 /* PBXContainerItemProxy */;
		};
		7066F6E91F95ADD400D126C1 /* PBXTargetDependency */ = {
			isa = PBXTargetDependency;
			target = 7066F6CC1F95ADD400D126C1 /* Forescoop */;
			targetProxy = 7066F6E81F95ADD400D126C1 /* PBXContainerItemProxy */;
		};
		70BAA9F11F276C5B004CD577 /* PBXTargetDependency */ = {
			isa = PBXTargetDependency;
			target = 70BAA9A41F276B4F004CD577 /* Forescoop_Example */;
			targetProxy = 70BAA9F01F276C5B004CD577 /* PBXContainerItemProxy */;
		};
/* End PBXTargetDependency section */

/* Begin PBXVariantGroup section */
		607FACD91AFB9204008FA782 /* Main.storyboard */ = {
			isa = PBXVariantGroup;
			children = (
				607FACDA1AFB9204008FA782 /* Base */,
			);
			name = Main.storyboard;
			sourceTree = "<group>";
		};
		607FACDE1AFB9204008FA782 /* LaunchScreen.xib */ = {
			isa = PBXVariantGroup;
			children = (
				607FACDF1AFB9204008FA782 /* Base */,
			);
			name = LaunchScreen.xib;
			sourceTree = "<group>";
		};
		7066F6CF1F95ADD400D126C1 /* Interface.storyboard */ = {
			isa = PBXVariantGroup;
			children = (
				7066F6D01F95ADD400D126C1 /* Base */,
			);
			name = Interface.storyboard;
			sourceTree = "<group>";
		};
		98688A0C22D5936700A09AD0 /* Main.storyboard */ = {
			isa = PBXVariantGroup;
			children = (
				98688A0D22D5936700A09AD0 /* Base */,
			);
			name = Main.storyboard;
			sourceTree = "<group>";
		};
		987A6DCB22D595D200662010 /* Main.storyboard */ = {
			isa = PBXVariantGroup;
			children = (
				987A6DCC22D595D200662010 /* Base */,
			);
			name = Main.storyboard;
			sourceTree = "<group>";
		};
/* End PBXVariantGroup section */

/* Begin XCBuildConfiguration section */
		607FACED1AFB9204008FA782 /* Debug */ = {
			isa = XCBuildConfiguration;
			buildSettings = {
				ALWAYS_SEARCH_USER_PATHS = NO;
				CLANG_ANALYZER_LOCALIZABILITY_NONLOCALIZED = YES;
				CLANG_CXX_LANGUAGE_STANDARD = "gnu++0x";
				CLANG_CXX_LIBRARY = "libc++";
				CLANG_ENABLE_MODULES = YES;
				CLANG_ENABLE_OBJC_ARC = YES;
				CLANG_WARN_BLOCK_CAPTURE_AUTORELEASING = YES;
				CLANG_WARN_BOOL_CONVERSION = YES;
				CLANG_WARN_COMMA = YES;
				CLANG_WARN_CONSTANT_CONVERSION = YES;
				CLANG_WARN_DEPRECATED_OBJC_IMPLEMENTATIONS = YES;
				CLANG_WARN_DIRECT_OBJC_ISA_USAGE = YES_ERROR;
				CLANG_WARN_EMPTY_BODY = YES;
				CLANG_WARN_ENUM_CONVERSION = YES;
				CLANG_WARN_INFINITE_RECURSION = YES;
				CLANG_WARN_INT_CONVERSION = YES;
				CLANG_WARN_NON_LITERAL_NULL_CONVERSION = YES;
				CLANG_WARN_OBJC_IMPLICIT_RETAIN_SELF = YES;
				CLANG_WARN_OBJC_LITERAL_CONVERSION = YES;
				CLANG_WARN_OBJC_ROOT_CLASS = YES_ERROR;
				CLANG_WARN_QUOTED_INCLUDE_IN_FRAMEWORK_HEADER = YES;
				CLANG_WARN_RANGE_LOOP_ANALYSIS = YES;
				CLANG_WARN_STRICT_PROTOTYPES = YES;
				CLANG_WARN_SUSPICIOUS_MOVE = YES;
				CLANG_WARN_UNREACHABLE_CODE = YES;
				CLANG_WARN__DUPLICATE_METHOD_MATCH = YES;
				"CODE_SIGN_IDENTITY[sdk=iphoneos*]" = "iPhone Developer";
				COPY_PHASE_STRIP = NO;
				DEBUG_INFORMATION_FORMAT = "dwarf-with-dsym";
				ENABLE_STRICT_OBJC_MSGSEND = YES;
				ENABLE_TESTABILITY = YES;
				GCC_C_LANGUAGE_STANDARD = gnu99;
				GCC_DYNAMIC_NO_PIC = NO;
				GCC_NO_COMMON_BLOCKS = YES;
				GCC_OPTIMIZATION_LEVEL = 0;
				GCC_PREPROCESSOR_DEFINITIONS = (
					"DEBUG=1",
					"$(inherited)",
				);
				GCC_SYMBOLS_PRIVATE_EXTERN = NO;
				GCC_WARN_64_TO_32_BIT_CONVERSION = YES;
				GCC_WARN_ABOUT_RETURN_TYPE = YES_ERROR;
				GCC_WARN_UNDECLARED_SELECTOR = YES;
				GCC_WARN_UNINITIALIZED_AUTOS = YES_AGGRESSIVE;
				GCC_WARN_UNUSED_FUNCTION = YES;
				GCC_WARN_UNUSED_VARIABLE = YES;
				IPHONEOS_DEPLOYMENT_TARGET = 26.0;
				MACOSX_DEPLOYMENT_TARGET = 26.0;
				MTL_ENABLE_DEBUG_INFO = YES;
				ONLY_ACTIVE_ARCH = YES;
				SDKROOT = iphoneos;
				SWIFT_OPTIMIZATION_LEVEL = "-Onone";
				SWIFT_VERSION = 4.0;
				TVOS_DEPLOYMENT_TARGET = 26.0;
				WATCHOS_DEPLOYMENT_TARGET = 26.0;
			};
			name = Debug;
		};
		607FACEE1AFB9204008FA782 /* Release */ = {
			isa = XCBuildConfiguration;
			buildSettings = {
				ALWAYS_SEARCH_USER_PATHS = NO;
				CLANG_ANALYZER_LOCALIZABILITY_NONLOCALIZED = YES;
				CLANG_CXX_LANGUAGE_STANDARD = "gnu++0x";
				CLANG_CXX_LIBRARY = "libc++";
				CLANG_ENABLE_MODULES = YES;
				CLANG_ENABLE_OBJC_ARC = YES;
				CLANG_WARN_BLOCK_CAPTURE_AUTORELEASING = YES;
				CLANG_WARN_BOOL_CONVERSION = YES;
				CLANG_WARN_COMMA = YES;
				CLANG_WARN_CONSTANT_CONVERSION = YES;
				CLANG_WARN_DEPRECATED_OBJC_IMPLEMENTATIONS = YES;
				CLANG_WARN_DIRECT_OBJC_ISA_USAGE = YES_ERROR;
				CLANG_WARN_EMPTY_BODY = YES;
				CLANG_WARN_ENUM_CONVERSION = YES;
				CLANG_WARN_INFINITE_RECURSION = YES;
				CLANG_WARN_INT_CONVERSION = YES;
				CLANG_WARN_NON_LITERAL_NULL_CONVERSION = YES;
				CLANG_WARN_OBJC_IMPLICIT_RETAIN_SELF = YES;
				CLANG_WARN_OBJC_LITERAL_CONVERSION = YES;
				CLANG_WARN_OBJC_ROOT_CLASS = YES_ERROR;
				CLANG_WARN_QUOTED_INCLUDE_IN_FRAMEWORK_HEADER = YES;
				CLANG_WARN_RANGE_LOOP_ANALYSIS = YES;
				CLANG_WARN_STRICT_PROTOTYPES = YES;
				CLANG_WARN_SUSPICIOUS_MOVE = YES;
				CLANG_WARN_UNREACHABLE_CODE = YES;
				CLANG_WARN__DUPLICATE_METHOD_MATCH = YES;
				"CODE_SIGN_IDENTITY[sdk=iphoneos*]" = "iPhone Developer";
				COPY_PHASE_STRIP = NO;
				DEBUG_INFORMATION_FORMAT = "dwarf-with-dsym";
				ENABLE_NS_ASSERTIONS = NO;
				ENABLE_STRICT_OBJC_MSGSEND = YES;
				GCC_C_LANGUAGE_STANDARD = gnu99;
				GCC_NO_COMMON_BLOCKS = YES;
				GCC_WARN_64_TO_32_BIT_CONVERSION = YES;
				GCC_WARN_ABOUT_RETURN_TYPE = YES_ERROR;
				GCC_WARN_UNDECLARED_SELECTOR = YES;
				GCC_WARN_UNINITIALIZED_AUTOS = YES_AGGRESSIVE;
				GCC_WARN_UNUSED_FUNCTION = YES;
				GCC_WARN_UNUSED_VARIABLE = YES;
				IPHONEOS_DEPLOYMENT_TARGET = 26.0;
				MACOSX_DEPLOYMENT_TARGET = 26.0;
				MTL_ENABLE_DEBUG_INFO = NO;
				SDKROOT = iphoneos;
				SWIFT_COMPILATION_MODE = wholemodule;
				SWIFT_OPTIMIZATION_LEVEL = "-O";
				SWIFT_VERSION = 4.0;
				TVOS_DEPLOYMENT_TARGET = 26.0;
				VALIDATE_PRODUCT = YES;
				WATCHOS_DEPLOYMENT_TARGET = 26.0;
			};
			name = Release;
		};
		7066F6EC1F95ADD400D126C1 /* Debug */ = {
			isa = XCBuildConfiguration;
			buildSettings = {
				ASSETCATALOG_COMPILER_COMPLICATION_NAME = Complication;
				CLANG_ANALYZER_NONNULL = YES;
				CLANG_ANALYZER_NUMBER_OBJECT_CONVERSION = YES_AGGRESSIVE;
				CLANG_CXX_LANGUAGE_STANDARD = "gnu++14";
				CLANG_WARN_DOCUMENTATION_COMMENTS = YES;
				CLANG_WARN_UNGUARDED_AVAILABILITY = YES_AGGRESSIVE;
				CODE_SIGN_STYLE = Automatic;
				DEBUG_INFORMATION_FORMAT = dwarf;
				DEVELOPMENT_TEAM = 27XTSJS68A;
				GCC_C_LANGUAGE_STANDARD = gnu11;
				INFOPLIST_FILE = "Forescoop Extension/Info.plist";
				LD_RUNPATH_SEARCH_PATHS = (
					"$(inherited)",
					"@executable_path/Frameworks",
					"@executable_path/../../Frameworks",
				);
				PRODUCT_BUNDLE_IDENTIFIER = "org.forescoop.Forescoop-Example.watchkitapp.watchkitextension";
				PRODUCT_NAME = "${TARGET_NAME}";
				SDKROOT = watchos;
				SKIP_INSTALL = YES;
				SWIFT_ACTIVE_COMPILATION_CONDITIONS = DEBUG;
				SWIFT_VERSION = 5.0;
				TARGETED_DEVICE_FAMILY = 4;
				WATCHOS_DEPLOYMENT_TARGET = 26.0;
			};
			name = Debug;
		};
		7066F6ED1F95ADD400D126C1 /* Release */ = {
			isa = XCBuildConfiguration;
			buildSettings = {
				ASSETCATALOG_COMPILER_COMPLICATION_NAME = Complication;
				CLANG_ANALYZER_NONNULL = YES;
				CLANG_ANALYZER_NUMBER_OBJECT_CONVERSION = YES_AGGRESSIVE;
				CLANG_CXX_LANGUAGE_STANDARD = "gnu++14";
				CLANG_WARN_DOCUMENTATION_COMMENTS = YES;
				CLANG_WARN_UNGUARDED_AVAILABILITY = YES_AGGRESSIVE;
				CODE_SIGN_STYLE = Automatic;
				DEVELOPMENT_TEAM = 27XTSJS68A;
				GCC_C_LANGUAGE_STANDARD = gnu11;
				INFOPLIST_FILE = "Forescoop Extension/Info.plist";
				LD_RUNPATH_SEARCH_PATHS = (
					"$(inherited)",
					"@executable_path/Frameworks",
					"@executable_path/../../Frameworks",
				);
				PRODUCT_BUNDLE_IDENTIFIER = "org.forescoop.Forescoop-Example.watchkitapp.watchkitextension";
				PRODUCT_NAME = "${TARGET_NAME}";
				SDKROOT = watchos;
				SKIP_INSTALL = YES;
				SWIFT_VERSION = 5.0;
				TARGETED_DEVICE_FAMILY = 4;
				WATCHOS_DEPLOYMENT_TARGET = 26.0;
			};
			name = Release;
		};
		7066F6F01F95ADD400D126C1 /* Debug */ = {
			isa = XCBuildConfiguration;
			buildSettings = {
				ALWAYS_EMBED_SWIFT_STANDARD_LIBRARIES = YES;
				ASSETCATALOG_COMPILER_APPICON_NAME = AppIcon;
				CLANG_ANALYZER_NONNULL = YES;
				CLANG_ANALYZER_NUMBER_OBJECT_CONVERSION = YES_AGGRESSIVE;
				CLANG_CXX_LANGUAGE_STANDARD = "gnu++14";
				CLANG_WARN_DOCUMENTATION_COMMENTS = YES;
				CLANG_WARN_UNGUARDED_AVAILABILITY = YES_AGGRESSIVE;
				CODE_SIGN_STYLE = Automatic;
				DEBUG_INFORMATION_FORMAT = dwarf;
				DEVELOPMENT_TEAM = 27XTSJS68A;
				GCC_C_LANGUAGE_STANDARD = gnu11;
				IBSC_MODULE = Forescoop_Extension;
				INFOPLIST_FILE = Forescoop/Info.plist;
				PRODUCT_BUNDLE_IDENTIFIER = "org.forescoop.Forescoop-Example.watchkitapp";
				PRODUCT_NAME = "$(TARGET_NAME)";
				SDKROOT = watchos;
				SKIP_INSTALL = YES;
				SWIFT_ACTIVE_COMPILATION_CONDITIONS = DEBUG;
				SWIFT_VERSION = 4.0;
				TARGETED_DEVICE_FAMILY = 4;
				WATCHOS_DEPLOYMENT_TARGET = 26.0;
			};
			name = Debug;
		};
		7066F6F11F95ADD400D126C1 /* Release */ = {
			isa = XCBuildConfiguration;
			buildSettings = {
				ALWAYS_EMBED_SWIFT_STANDARD_LIBRARIES = YES;
				ASSETCATALOG_COMPILER_APPICON_NAME = AppIcon;
				CLANG_ANALYZER_NONNULL = YES;
				CLANG_ANALYZER_NUMBER_OBJECT_CONVERSION = YES_AGGRESSIVE;
				CLANG_CXX_LANGUAGE_STANDARD = "gnu++14";
				CLANG_WARN_DOCUMENTATION_COMMENTS = YES;
				CLANG_WARN_UNGUARDED_AVAILABILITY = YES_AGGRESSIVE;
				CODE_SIGN_STYLE = Automatic;
				DEVELOPMENT_TEAM = 27XTSJS68A;
				GCC_C_LANGUAGE_STANDARD = gnu11;
				IBSC_MODULE = Forescoop_Extension;
				INFOPLIST_FILE = Forescoop/Info.plist;
				PRODUCT_BUNDLE_IDENTIFIER = "org.forescoop.Forescoop-Example.watchkitapp";
				PRODUCT_NAME = "$(TARGET_NAME)";
				SDKROOT = watchos;
				SKIP_INSTALL = YES;
				SWIFT_VERSION = 4.0;
				TARGETED_DEVICE_FAMILY = 4;
				WATCHOS_DEPLOYMENT_TARGET = 26.0;
			};
			name = Release;
		};
		70BAA9BA1F276B4F004CD577 /* Debug */ = {
			isa = XCBuildConfiguration;
			buildSettings = {
				ASSETCATALOG_COMPILER_APPICON_NAME = AppIcon;
				INFOPLIST_FILE = "Forescoop_Example-Info.plist";
				IPHONEOS_DEPLOYMENT_TARGET = 26.0;
				LD_RUNPATH_SEARCH_PATHS = (
					"$(inherited)",
					"@executable_path/Frameworks",
				);
				MODULE_NAME = ExampleApp;
				PRODUCT_BUNDLE_IDENTIFIER = "org.forescoop.Forescoop-Example";
				PRODUCT_NAME = "$(TARGET_NAME)";
				SWIFT_SWIFT3_OBJC_INFERENCE = Off;
				SWIFT_VERSION = 5.0;
				TARGETED_DEVICE_FAMILY = "1,2";
			};
			name = Debug;
		};
		70BAA9BB1F276B4F004CD577 /* Release */ = {
			isa = XCBuildConfiguration;
			buildSettings = {
				ASSETCATALOG_COMPILER_APPICON_NAME = AppIcon;
				INFOPLIST_FILE = "Forescoop_Example-Info.plist";
				IPHONEOS_DEPLOYMENT_TARGET = 26.0;
				LD_RUNPATH_SEARCH_PATHS = (
					"$(inherited)",
					"@executable_path/Frameworks",
				);
				MODULE_NAME = ExampleApp;
				PRODUCT_BUNDLE_IDENTIFIER = "org.forescoop.Forescoop-Example";
				PRODUCT_NAME = "$(TARGET_NAME)";
				SWIFT_SWIFT3_OBJC_INFERENCE = Off;
				SWIFT_VERSION = 5.0;
				TARGETED_DEVICE_FAMILY = "1,2";
			};
			name = Release;
		};
		70BAA9CA1F276B6F004CD577 /* Debug */ = {
			isa = XCBuildConfiguration;
			buildSettings = {
				BUNDLE_LOADER = "$(TEST_HOST)";
				DEVELOPMENT_TEAM = 27XTSJS68A;
				FRAMEWORK_SEARCH_PATHS = (
					"$(SDKROOT)/Developer/Library/Frameworks",
					"$(inherited)",
				);
				GCC_PREPROCESSOR_DEFINITIONS = (
					"DEBUG=1",
					"$(inherited)",
				);
				INFOPLIST_FILE = "Forescoop_Tests-Info.plist";
				IPHONEOS_DEPLOYMENT_TARGET = 26.0;
				LD_RUNPATH_SEARCH_PATHS = (
					"$(inherited)",
					"@executable_path/Frameworks",
					"@loader_path/Frameworks",
				);
				PRODUCT_BUNDLE_IDENTIFIER = "org.forescoop.$(PRODUCT_NAME:rfc1034identifier)";
				PRODUCT_NAME = "$(TARGET_NAME)";
				SWIFT_SWIFT3_OBJC_INFERENCE = Off;
				SWIFT_VERSION = 5.0;
				TEST_HOST = "$(BUILT_PRODUCTS_DIR)/Forescoop_Example.app/Forescoop_Example";
			};
			name = Debug;
		};
		70BAA9CB1F276B6F004CD577 /* Release */ = {
			isa = XCBuildConfiguration;
			buildSettings = {
				BUNDLE_LOADER = "$(TEST_HOST)";
				DEVELOPMENT_TEAM = 27XTSJS68A;
				FRAMEWORK_SEARCH_PATHS = (
					"$(SDKROOT)/Developer/Library/Frameworks",
					"$(inherited)",
				);
				INFOPLIST_FILE = "Forescoop_Tests-Info.plist";
				IPHONEOS_DEPLOYMENT_TARGET = 26.0;
				LD_RUNPATH_SEARCH_PATHS = (
					"$(inherited)",
					"@executable_path/Frameworks",
					"@loader_path/Frameworks",
				);
				PRODUCT_BUNDLE_IDENTIFIER = "org.forescoop.$(PRODUCT_NAME:rfc1034identifier)";
				PRODUCT_NAME = "$(TARGET_NAME)";
				SWIFT_SWIFT3_OBJC_INFERENCE = Off;
				SWIFT_VERSION = 5.0;
				TEST_HOST = "$(BUILT_PRODUCTS_DIR)/Forescoop_Example.app/Forescoop_Example";
			};
			name = Release;
		};
		98688A1222D5936700A09AD0 /* Debug */ = {
			isa = XCBuildConfiguration;
			buildSettings = {
				ASSETCATALOG_COMPILER_APPICON_NAME = AppIcon;
				CLANG_ANALYZER_NONNULL = YES;
				CLANG_ANALYZER_NUMBER_OBJECT_CONVERSION = YES_AGGRESSIVE;
				CLANG_CXX_LANGUAGE_STANDARD = "gnu++14";
				CLANG_ENABLE_OBJC_WEAK = YES;
				CLANG_WARN_DOCUMENTATION_COMMENTS = YES;
				CLANG_WARN_UNGUARDED_AVAILABILITY = YES_AGGRESSIVE;
				CODE_SIGN_ENTITLEMENTS = ForescoopMacOS/ForescoopMacOS.entitlements;
				CODE_SIGN_IDENTITY = "Apple Development";
				"CODE_SIGN_IDENTITY[sdk=macosx*]" = "Apple Development";
				CODE_SIGN_STYLE = Automatic;
				COMBINE_HIDPI_IMAGES = YES;
				DEAD_CODE_STRIPPING = YES;
				DEBUG_INFORMATION_FORMAT = dwarf;
				DEVELOPMENT_TEAM = 27XTSJS68A;
				ENABLE_HARDENED_RUNTIME = YES;
				GCC_C_LANGUAGE_STANDARD = gnu11;
				INFOPLIST_FILE = ForescoopMacOS/Info.plist;
				INFOPLIST_KEY_LSApplicationCategoryType = "public.app-category.weather";
				LD_RUNPATH_SEARCH_PATHS = (
					"$(inherited)",
					"@executable_path/../Frameworks",
				);
				MACOSX_DEPLOYMENT_TARGET = 26.0;
				MTL_ENABLE_DEBUG_INFO = INCLUDE_SOURCE;
				MTL_FAST_MATH = YES;
				PRODUCT_BUNDLE_IDENTIFIER = "com.jfuchs.forescoop-macos.ForescoopMacOS";
				PRODUCT_NAME = "$(TARGET_NAME)";
				PROVISIONING_PROFILE_SPECIFIER = "";
				SDKROOT = macosx;
				SWIFT_ACTIVE_COMPILATION_CONDITIONS = DEBUG;
				SWIFT_VERSION = 5.0;
			};
			name = Debug;
		};
		98688A1322D5936700A09AD0 /* Release */ = {
			isa = XCBuildConfiguration;
			buildSettings = {
				ASSETCATALOG_COMPILER_APPICON_NAME = AppIcon;
				CLANG_ANALYZER_NONNULL = YES;
				CLANG_ANALYZER_NUMBER_OBJECT_CONVERSION = YES_AGGRESSIVE;
				CLANG_CXX_LANGUAGE_STANDARD = "gnu++14";
				CLANG_ENABLE_OBJC_WEAK = YES;
				CLANG_WARN_DOCUMENTATION_COMMENTS = YES;
				CLANG_WARN_UNGUARDED_AVAILABILITY = YES_AGGRESSIVE;
				CODE_SIGN_ENTITLEMENTS = ForescoopMacOS/ForescoopMacOS.entitlements;
				CODE_SIGN_IDENTITY = "Mac Developer";
				CODE_SIGN_STYLE = Manual;
				COMBINE_HIDPI_IMAGES = YES;
				DEAD_CODE_STRIPPING = YES;
				DEVELOPMENT_TEAM = DC76Z3W5Y8;
				"DEVELOPMENT_TEAM[sdk=macosx*]" = 27XTSJS68A;
				ENABLE_HARDENED_RUNTIME = YES;
				GCC_C_LANGUAGE_STANDARD = gnu11;
				INFOPLIST_FILE = ForescoopMacOS/Info.plist;
				INFOPLIST_KEY_LSApplicationCategoryType = "public.app-category.weather";
				LD_RUNPATH_SEARCH_PATHS = (
					"$(inherited)",
					"@executable_path/../Frameworks",
				);
				MACOSX_DEPLOYMENT_TARGET = 26.0;
				MTL_FAST_MATH = YES;
				PRODUCT_BUNDLE_IDENTIFIER = "com.jfuchs.forescoop-macos.ForescoopMacOS";
				PRODUCT_NAME = "$(TARGET_NAME)";
				SDKROOT = macosx;
				SWIFT_VERSION = 5.0;
			};
			name = Release;
		};
		987A6DD222D595D400662010 /* Debug */ = {
			isa = XCBuildConfiguration;
			buildSettings = {
				ASSETCATALOG_COMPILER_APPICON_NAME = "App Icon & Top Shelf Image";
				ASSETCATALOG_COMPILER_LAUNCHIMAGE_NAME = LaunchImage;
				CLANG_ANALYZER_NONNULL = YES;
				CLANG_ANALYZER_NUMBER_OBJECT_CONVERSION = YES_AGGRESSIVE;
				CLANG_CXX_LANGUAGE_STANDARD = "gnu++14";
				CLANG_ENABLE_OBJC_WEAK = YES;
				CLANG_WARN_DOCUMENTATION_COMMENTS = YES;
				CLANG_WARN_UNGUARDED_AVAILABILITY = YES_AGGRESSIVE;
				CODE_SIGN_STYLE = Automatic;
				DEBUG_INFORMATION_FORMAT = dwarf;
				DEVELOPMENT_TEAM = 27XTSJS68A;
				GCC_C_LANGUAGE_STANDARD = gnu11;
				INFOPLIST_FILE = ForescoopTVOS/Info.plist;
				LD_RUNPATH_SEARCH_PATHS = (
					"$(inherited)",
					"@executable_path/Frameworks",
				);
				MTL_ENABLE_DEBUG_INFO = INCLUDE_SOURCE;
				MTL_FAST_MATH = YES;
				PRODUCT_BUNDLE_IDENTIFIER = "com.jfuchs.forescoop-tvos.ForescoopTVOS";
				PRODUCT_NAME = "$(TARGET_NAME)";
				SDKROOT = appletvos;
				SWIFT_ACTIVE_COMPILATION_CONDITIONS = DEBUG;
				SWIFT_VERSION = 5.0;
				TARGETED_DEVICE_FAMILY = 3;
				TVOS_DEPLOYMENT_TARGET = 26.0;
			};
			name = Debug;
		};
		987A6DD322D595D400662010 /* Release */ = {
			isa = XCBuildConfiguration;
			buildSettings = {
				ASSETCATALOG_COMPILER_APPICON_NAME = "App Icon & Top Shelf Image";
				ASSETCATALOG_COMPILER_LAUNCHIMAGE_NAME = LaunchImage;
				CLANG_ANALYZER_NONNULL = YES;
				CLANG_ANALYZER_NUMBER_OBJECT_CONVERSION = YES_AGGRESSIVE;
				CLANG_CXX_LANGUAGE_STANDARD = "gnu++14";
				CLANG_ENABLE_OBJC_WEAK = YES;
				CLANG_WARN_DOCUMENTATION_COMMENTS = YES;
				CLANG_WARN_UNGUARDED_AVAILABILITY = YES_AGGRESSIVE;
				CODE_SIGN_STYLE = Automatic;
				DEVELOPMENT_TEAM = 27XTSJS68A;
				GCC_C_LANGUAGE_STANDARD = gnu11;
				INFOPLIST_FILE = ForescoopTVOS/Info.plist;
				LD_RUNPATH_SEARCH_PATHS = (
					"$(inherited)",
					"@executable_path/Frameworks",
				);
				MTL_FAST_MATH = YES;
				PRODUCT_BUNDLE_IDENTIFIER = "com.jfuchs.forescoop-tvos.ForescoopTVOS";
				PRODUCT_NAME = "$(TARGET_NAME)";
				SDKROOT = appletvos;
				SWIFT_VERSION = 5.0;
				TARGETED_DEVICE_FAMILY = 3;
				TVOS_DEPLOYMENT_TARGET = 26.0;
			};
			name = Release;
		};
		A00100000000000000000013 /* Debug */ = {
			isa = XCBuildConfiguration;
			buildSettings = {
				ASSETCATALOG_COMPILER_APPICON_NAME = AppIcon;
				DEVELOPMENT_TEAM = 27XTSJS68A;
				INFOPLIST_FILE = "Forescoop_Example-Info.plist";
				IPHONEOS_DEPLOYMENT_TARGET = 26.0;
				LD_RUNPATH_SEARCH_PATHS = (
					"$(inherited)",
					"@executable_path/Frameworks",
				);
				MODULE_NAME = ExampleApp;
				PRODUCT_BUNDLE_IDENTIFIER = org.forescoop.iOSnowatch;
				PRODUCT_NAME = "$(TARGET_NAME)";
				SWIFT_SWIFT3_OBJC_INFERENCE = Off;
				SWIFT_VERSION = 5.0;
				TARGETED_DEVICE_FAMILY = "1,2";
			};
			name = Debug;
		};
		A00100000000000000000014 /* Release */ = {
			isa = XCBuildConfiguration;
			buildSettings = {
				ASSETCATALOG_COMPILER_APPICON_NAME = AppIcon;
				DEVELOPMENT_TEAM = 27XTSJS68A;
				INFOPLIST_FILE = "Forescoop_Example-Info.plist";
				IPHONEOS_DEPLOYMENT_TARGET = 26.0;
				LD_RUNPATH_SEARCH_PATHS = (
					"$(inherited)",
					"@executable_path/Frameworks",
				);
				MODULE_NAME = ExampleApp;
				PRODUCT_BUNDLE_IDENTIFIER = org.forescoop.iOSnowatch;
				PRODUCT_NAME = "$(TARGET_NAME)";
				SWIFT_SWIFT3_OBJC_INFERENCE = Off;
				SWIFT_VERSION = 5.0;
				TARGETED_DEVICE_FAMILY = "1,2";
			};
			name = Release;
		};
		AA0100000000000000000007 /* Debug */ = {
			isa = XCBuildConfiguration;
			buildSettings = {
				CODE_SIGN_STYLE = Automatic;
				DEVELOPMENT_TEAM = 27XTSJS68A;
				INFOPLIST_FILE = "ForescoopWatchOnly-Info.plist";
				PRODUCT_BUNDLE_IDENTIFIER = org.forescoop.iOSnowatch.ForescoopWatchOnly;
				PRODUCT_NAME = "$(TARGET_NAME)";
				SDKROOT = watchos;
				SUPPORTED_PLATFORMS = "watchos watchsimulator";
				SWIFT_VERSION = 5.0;
				TARGETED_DEVICE_FAMILY = 4;
				WATCHOS_DEPLOYMENT_TARGET = 26.0;
			};
			name = Debug;
		};
		AA0100000000000000000008 /* Release */ = {
			isa = XCBuildConfiguration;
			buildSettings = {
				CODE_SIGN_STYLE = Automatic;
				DEVELOPMENT_TEAM = 27XTSJS68A;
				INFOPLIST_FILE = "ForescoopWatchOnly-Info.plist";
				PRODUCT_BUNDLE_IDENTIFIER = org.forescoop.iOSnowatch.ForescoopWatchOnly;
				PRODUCT_NAME = "$(TARGET_NAME)";
				SDKROOT = watchos;
				SUPPORTED_PLATFORMS = "watchos watchsimulator";
				SWIFT_VERSION = 5.0;
				TARGETED_DEVICE_FAMILY = 4;
				WATCHOS_DEPLOYMENT_TARGET = 26.0;
			};
			name = Release;
		};
		B00100000000000000000013 /* Debug */ = {
			isa = XCBuildConfiguration;
			buildSettings = {
				ASSETCATALOG_COMPILER_APPICON_NAME = AppIcon;
				DEVELOPMENT_TEAM = 27XTSJS68A;
				INFOPLIST_FILE = "Forescoop_Example-Info.plist";
				LD_RUNPATH_SEARCH_PATHS = (
					"$(inherited)",
					"@executable_path/Frameworks",
				);
				MODULE_NAME = ExampleApp;
				PRODUCT_BUNDLE_IDENTIFIER = org.forescoop.ForescoopVisionOS;
				PRODUCT_NAME = "$(TARGET_NAME)";
				SDKROOT = xros;
				SUPPORTED_PLATFORMS = "xros xrsimulator";
				SWIFT_SWIFT3_OBJC_INFERENCE = Off;
				SWIFT_VERSION = 5.0;
				TARGETED_DEVICE_FAMILY = 7;
				XROS_DEPLOYMENT_TARGET = 26.0;
			};
			name = Debug;
		};
		B00100000000000000000014 /* Release */ = {
			isa = XCBuildConfiguration;
			buildSettings = {
				ASSETCATALOG_COMPILER_APPICON_NAME = AppIcon;
				DEVELOPMENT_TEAM = 27XTSJS68A;
				INFOPLIST_FILE = "Forescoop_Example-Info.plist";
				LD_RUNPATH_SEARCH_PATHS = (
					"$(inherited)",
					"@executable_path/Frameworks",
				);
				MODULE_NAME = ExampleApp;
				PRODUCT_BUNDLE_IDENTIFIER = org.forescoop.ForescoopVisionOS;
				PRODUCT_NAME = "$(TARGET_NAME)";
				SDKROOT = xros;
				SUPPORTED_PLATFORMS = "xros xrsimulator";
				SWIFT_SWIFT3_OBJC_INFERENCE = Off;
				SWIFT_VERSION = 5.0;
				TARGETED_DEVICE_FAMILY = 7;
				XROS_DEPLOYMENT_TARGET = 26.0;
			};
			name = Release;
		};
/* End XCBuildConfiguration section */

/* Begin XCConfigurationList section */
		607FACCB1AFB9204008FA782 /* Build configuration list for PBXProject "Forescoop" */ = {
			isa = XCConfigurationList;
			buildConfigurations = (
				607FACED1AFB9204008FA782 /* Debug */,
				607FACEE1AFB9204008FA782 /* Release */,
			);
			defaultConfigurationIsVisible = 0;
			defaultConfigurationName = Release;
		};
		7066F6EB1F95ADD400D126C1 /* Build configuration list for PBXNativeTarget "Forescoop Extension" */ = {
			isa = XCConfigurationList;
			buildConfigurations = (
				7066F6EC1F95ADD400D126C1 /* Debug */,
				7066F6ED1F95ADD400D126C1 /* Release */,
			);
			defaultConfigurationIsVisible = 0;
			defaultConfigurationName = Release;
		};
		7066F6EF1F95ADD400D126C1 /* Build configuration list for PBXNativeTarget "Forescoop" */ = {
			isa = XCConfigurationList;
			buildConfigurations = (
				7066F6F01F95ADD400D126C1 /* Debug */,
				7066F6F11F95ADD400D126C1 /* Release */,
			);
			defaultConfigurationIsVisible = 0;
			defaultConfigurationName = Release;
		};
		70BAA9B91F276B4F004CD577 /* Build configuration list for PBXNativeTarget "Forescoop_Example" */ = {
			isa = XCConfigurationList;
			buildConfigurations = (
				70BAA9BA1F276B4F004CD577 /* Debug */,
				70BAA9BB1F276B4F004CD577 /* Release */,
			);
			defaultConfigurationIsVisible = 0;
			defaultConfigurationName = Release;
		};
		70BAA9C91F276B6F004CD577 /* Build configuration list for PBXNativeTarget "Forescoop_Tests" */ = {
			isa = XCConfigurationList;
			buildConfigurations = (
				70BAA9CA1F276B6F004CD577 /* Debug */,
				70BAA9CB1F276B6F004CD577 /* Release */,
			);
			defaultConfigurationIsVisible = 0;
			defaultConfigurationName = Release;
		};
		98688A1122D5936700A09AD0 /* Build configuration list for PBXNativeTarget "ForescoopMacOS" */ = {
			isa = XCConfigurationList;
			buildConfigurations = (
				98688A1222D5936700A09AD0 /* Debug */,
				98688A1322D5936700A09AD0 /* Release */,
			);
			defaultConfigurationIsVisible = 0;
			defaultConfigurationName = Release;
		};
		987A6DD122D595D400662010 /* Build configuration list for PBXNativeTarget "ForescoopTVOS" */ = {
			isa = XCConfigurationList;
			buildConfigurations = (
				987A6DD222D595D400662010 /* Debug */,
				987A6DD322D595D400662010 /* Release */,
			);
			defaultConfigurationIsVisible = 0;
			defaultConfigurationName = Release;
		};
		A00100000000000000000010 /* Build configuration list for PBXNativeTarget "iOSnowatch" */ = {
			isa = XCConfigurationList;
			buildConfigurations = (
				A00100000000000000000013 /* Debug */,
				A00100000000000000000014 /* Release */,
			);
			defaultConfigurationIsVisible = 0;
			defaultConfigurationName = Release;
		};
		AA0100000000000000000006 /* Build configuration list for PBXNativeTarget "ForescoopWatchOnly" */ = {
			isa = XCConfigurationList;
			buildConfigurations = (
				AA0100000000000000000007 /* Debug */,
				AA0100000000000000000008 /* Release */,
			);
			defaultConfigurationIsVisible = 0;
			defaultConfigurationName = Release;
		};
		B00100000000000000000010 /* Build configuration list for PBXNativeTarget "ForescoopVisionOS" */ = {
			isa = XCConfigurationList;
			buildConfigurations = (
				B00100000000000000000013 /* Debug */,
				B00100000000000000000014 /* Release */,
			);
			defaultConfigurationIsVisible = 0;
			defaultConfigurationName = Release;
		};
/* End XCConfigurationList section */

/* Begin XCLocalSwiftPackageReference section */
		C0DE00000000000000000000 /* XCLocalSwiftPackageReference ".." */ = {
			isa = XCLocalSwiftPackageReference;
			relativePath = ..;
		};
/* End XCLocalSwiftPackageReference section */

/* Begin XCSwiftPackageProductDependency section */
		A0010000000000000000000C /* Forescoop */ = {
			isa = XCSwiftPackageProductDependency;
			package = C0DE00000000000000000000 /* XCLocalSwiftPackageReference ".." */;
			productName = Forescoop;
		};
		AA0100000000000000000009 /* Forescoop */ = {
			isa = XCSwiftPackageProductDependency;
			package = C0DE00000000000000000000 /* XCLocalSwiftPackageReference ".." */;
			productName = Forescoop;
		};
		B0010000000000000000000C /* Forescoop */ = {
			isa = XCSwiftPackageProductDependency;
			package = C0DE00000000000000000000 /* XCLocalSwiftPackageReference ".." */;
			productName = Forescoop;
		};
		C0DE00000000000000000001 /* Forescoop */ = {
			isa = XCSwiftPackageProductDependency;
			package = C0DE00000000000000000000 /* XCLocalSwiftPackageReference ".." */;
			productName = Forescoop;
		};
		C0DE00000000000000000002 /* Forescoop */ = {
			isa = XCSwiftPackageProductDependency;
			package = C0DE00000000000000000000 /* XCLocalSwiftPackageReference ".." */;
			productName = Forescoop;
		};
		C0DE00000000000000000003 /* Forescoop */ = {
			isa = XCSwiftPackageProductDependency;
			package = C0DE00000000000000000000 /* XCLocalSwiftPackageReference ".." */;
			productName = Forescoop;
		};
		C0DE00000000000000000004 /* Forescoop */ = {
			isa = XCSwiftPackageProductDependency;
			package = C0DE00000000000000000000 /* XCLocalSwiftPackageReference ".." */;
			productName = Forescoop;
		};
		C0DE00000000000000000005 /* Forescoop */ = {
			isa = XCSwiftPackageProductDependency;
			package = C0DE00000000000000000000 /* XCLocalSwiftPackageReference ".." */;
			productName = Forescoop;
		};
/* End XCSwiftPackageProductDependency section */
	};
	rootObject = 607FACC81AFB9204008FA782 /* Project object */;
}
