// !$*UTF8*$!
{
	archiveVersion = 1;
	classes = {
	};
	objectVersion = 46;
	objects = {

/* Begin PBXBuildFile section */
		0DB277C153B79CD6F38D1FC2 /* Pods_JFWindguruPure_Tests.framework in Frameworks */ = {isa = PBXBuildFile; fileRef = 24620BFFAD658E1280C2BF1F /* Pods_JFWindguruPure_Tests.framework */; };
		689D6016BD694B6494B36404 /* Pods_JFWindguruWatch_Extension.framework in Frameworks */ = {isa = PBXBuildFile; fileRef = 96D67F8158364D9A95EDB700 /* Pods_JFWindguruWatch_Extension.framework */; };
		70BAA9AB1F276B4F004CD577 /* Common.swift in Sources */ = {isa = PBXBuildFile; fileRef = 7057C8961F11DABC007A7FC2 /* Common.swift */; };
		70BAA9AC1F276B4F004CD577 /* Facade.swift in Sources */ = {isa = PBXBuildFile; fileRef = 7057C8941F11D62F007A7FC2 /* Facade.swift */; };
		70BAA9AD1F276B4F004CD577 /* ViewController.swift in Sources */ = {isa = PBXBuildFile; fileRef = 607FACD71AFB9204008FA782 /* ViewController.swift */; };
		70BAA9AE1F276B4F004CD577 /* AppDelegate.swift in Sources */ = {isa = PBXBuildFile; fileRef = 607FACD51AFB9204008FA782 /* AppDelegate.swift */; };
		70BAA9B21F276B4F004CD577 /* Main.storyboard in Resources */ = {isa = PBXBuildFile; fileRef = 607FACD91AFB9204008FA782 /* Main.storyboard */; };
		70BAA9B31F276B4F004CD577 /* LaunchScreen.xib in Resources */ = {isa = PBXBuildFile; fileRef = 607FACDE1AFB9204008FA782 /* LaunchScreen.xib */; };
		70BAA9B41F276B4F004CD577 /* Images.xcassets in Resources */ = {isa = PBXBuildFile; fileRef = 607FACDC1AFB9204008FA782 /* Images.xcassets */; };
		70BAA9C31F276B6F004CD577 /* Tests.swift in Sources */ = {isa = PBXBuildFile; fileRef = 607FACEB1AFB9204008FA782 /* Tests.swift */; };
		70BAA9C51F276B6F004CD577 /* Pods_JFWindguru_Tests.framework in Frameworks */ = {isa = PBXBuildFile; fileRef = D93F0B6B65CBA403B7743FBC /* Pods_JFWindguru_Tests.framework */; };
		70BAA9D21F276B79004CD577 /* Assets.xcassets in Resources */ = {isa = PBXBuildFile; fileRef = 70C791BC1F126112008B1F30 /* Assets.xcassets */; };
		70BAA9D31F276B79004CD577 /* Interface.storyboard in Resources */ = {isa = PBXBuildFile; fileRef = 70C791B91F126112008B1F30 /* Interface.storyboard */; };
		70BAA9DF1F276B83004CD577 /* NotificationController.swift in Sources */ = {isa = PBXBuildFile; fileRef = 70C791CE1F126112008B1F30 /* NotificationController.swift */; };
		70BAA9E01F276B83004CD577 /* ComplicationController.swift in Sources */ = {isa = PBXBuildFile; fileRef = 70C791D01F126112008B1F30 /* ComplicationController.swift */; };
		70BAA9E11F276B83004CD577 /* ExtensionDelegate.swift in Sources */ = {isa = PBXBuildFile; fileRef = 70C791CC1F126112008B1F30 /* ExtensionDelegate.swift */; };
		70BAA9E21F276B83004CD577 /* Facade.swift in Sources */ = {isa = PBXBuildFile; fileRef = 7057C8941F11D62F007A7FC2 /* Facade.swift */; };
		70BAA9E31F276B83004CD577 /* Common.swift in Sources */ = {isa = PBXBuildFile; fileRef = 7057C8961F11DABC007A7FC2 /* Common.swift */; };
		70BAA9E41F276B83004CD577 /* InterfaceController.swift in Sources */ = {isa = PBXBuildFile; fileRef = 70C791CA1F126112008B1F30 /* InterfaceController.swift */; };
		70BAA9E81F276B83004CD577 /* Assets.xcassets in Resources */ = {isa = PBXBuildFile; fileRef = 70C791D21F126112008B1F30 /* Assets.xcassets */; };
		70BAF9B91F958DE4008E0424 /* ForecastResult+formatter.swift in Sources */ = {isa = PBXBuildFile; fileRef = 70BAF9B71F958DB7008E0424 /* ForecastResult+formatter.swift */; };
		70BAF9BA1F958DE7008E0424 /* SpotResult+formatter.swift in Sources */ = {isa = PBXBuildFile; fileRef = 70BAF9B81F958DB7008E0424 /* SpotResult+formatter.swift */; };
		70BAF9BC1F95A855008E0424 /* SpotResult+formatter.swift in Sources */ = {isa = PBXBuildFile; fileRef = 70BAF9B81F958DB7008E0424 /* SpotResult+formatter.swift */; };
		70BAF9BD1F95A859008E0424 /* ForecastResult+formatter.swift in Sources */ = {isa = PBXBuildFile; fileRef = 70BAF9B71F958DB7008E0424 /* ForecastResult+formatter.swift */; };
		70EC64DC1F952C8F005E2C29 /* ApiListViewController.swift in Sources */ = {isa = PBXBuildFile; fileRef = 70ED9F4F1F16C45300F8DFB9 /* ApiListViewController.swift */; };
		70EC64DD1F952C91005E2C29 /* ApiInfoViewController.swift in Sources */ = {isa = PBXBuildFile; fileRef = 70ED9F541F17AC4C00F8DFB9 /* ApiInfoViewController.swift */; };
		DFC0D41A0B7796EF70026B51 /* Pods_JFWindguru_Example.framework in Frameworks */ = {isa = PBXBuildFile; fileRef = D3914A4B71476DA659AC439F /* Pods_JFWindguru_Example.framework */; };
/* End PBXBuildFile section */

/* Begin PBXContainerItemProxy section */
		70BAA9F01F276C5B004CD577 /* PBXContainerItemProxy */ = {
			isa = PBXContainerItemProxy;
			containerPortal = 607FACC81AFB9204008FA782 /* Project object */;
			proxyType = 1;
			remoteGlobalIDString = 70BAA9A41F276B4F004CD577;
			remoteInfo = JFWindguruPure_Example;
		};
		70CA322E1F2CE20900C40213 /* PBXContainerItemProxy */ = {
			isa = PBXContainerItemProxy;
			containerPortal = 607FACC81AFB9204008FA782 /* Project object */;
			proxyType = 1;
			remoteGlobalIDString = 70BAA9CE1F276B79004CD577;
			remoteInfo = JFWindguruPureWatch;
		};
/* End PBXContainerItemProxy section */

/* Begin PBXCopyFilesBuildPhase section */
		70BAA9B71F276B4F004CD577 /* Embed Watch Content */ = {
			isa = PBXCopyFilesBuildPhase;
			buildActionMask = 2147483647;
			dstPath = "$(CONTENTS_FOLDER_PATH)/Watch";
			dstSubfolderSpec = 16;
			files = (
			);
			name = "Embed Watch Content";
			runOnlyForDeploymentPostprocessing = 0;
		};
		70BAA9D41F276B79004CD577 /* Embed App Extensions */ = {
			isa = PBXCopyFilesBuildPhase;
			buildActionMask = 2147483647;
			dstPath = "";
			dstSubfolderSpec = 13;
			files = (
			);
			name = "Embed App Extensions";
			runOnlyForDeploymentPostprocessing = 0;
		};
/* End PBXCopyFilesBuildPhase section */

/* Begin PBXFileReference section */
		09DE96ECDD190AB88844E8CC /* Pods_JFWindguru_Tests_EF.framework */ = {isa = PBXFileReference; explicitFileType = wrapper.framework; includeInIndex = 0; path = Pods_JFWindguru_Tests_EF.framework; sourceTree = BUILT_PRODUCTS_DIR; };
		0E2722899EBED28B401D9D3F /* Pods_JFWindguruPureWatch_Extension.framework */ = {isa = PBXFileReference; explicitFileType = wrapper.framework; includeInIndex = 0; path = Pods_JFWindguruPureWatch_Extension.framework; sourceTree = BUILT_PRODUCTS_DIR; };
		154C254CD77976B0E205DF68 /* Pods-JFWindguru_Example.debug.xcconfig */ = {isa = PBXFileReference; includeInIndex = 1; lastKnownFileType = text.xcconfig; name = "Pods-JFWindguru_Example.debug.xcconfig"; path = "Pods/Target Support Files/Pods-JFWindguru_Example/Pods-JFWindguru_Example.debug.xcconfig"; sourceTree = "<group>"; };
		1AA98D0A028465017AAFA6FD /* Pods-JFWindguruWatch Extension.release.xcconfig */ = {isa = PBXFileReference; includeInIndex = 1; lastKnownFileType = text.xcconfig; name = "Pods-JFWindguruWatch Extension.release.xcconfig"; path = "Pods/Target Support Files/Pods-JFWindguruWatch Extension/Pods-JFWindguruWatch Extension.release.xcconfig"; sourceTree = "<group>"; };
		1C5A4F4DEFBBC5BC99065D10 /* Pods-JFWindguru_Tests_NF.debug.xcconfig */ = {isa = PBXFileReference; includeInIndex = 1; lastKnownFileType = text.xcconfig; name = "Pods-JFWindguru_Tests_NF.debug.xcconfig"; path = "Pods/Target Support Files/Pods-JFWindguru_Tests_NF/Pods-JFWindguru_Tests_NF.debug.xcconfig"; sourceTree = "<group>"; };
		23F02F7889E74D1D4C0E2B41 /* Pods-JFWindguru-NoExternalFwk-Watch Extension.debug.xcconfig */ = {isa = PBXFileReference; includeInIndex = 1; lastKnownFileType = text.xcconfig; name = "Pods-JFWindguru-NoExternalFwk-Watch Extension.debug.xcconfig"; path = "Pods/Target Support Files/Pods-JFWindguru-NoExternalFwk-Watch Extension/Pods-JFWindguru-NoExternalFwk-Watch Extension.debug.xcconfig"; sourceTree = "<group>"; };
		24620BFFAD658E1280C2BF1F /* Pods_JFWindguruPure_Tests.framework */ = {isa = PBXFileReference; explicitFileType = wrapper.framework; includeInIndex = 0; path = Pods_JFWindguruPure_Tests.framework; sourceTree = BUILT_PRODUCTS_DIR; };
		24D07A369532A7136ACE3C45 /* Pods-JFWindguru_Tests.debug.xcconfig */ = {isa = PBXFileReference; includeInIndex = 1; lastKnownFileType = text.xcconfig; name = "Pods-JFWindguru_Tests.debug.xcconfig"; path = "Pods/Target Support Files/Pods-JFWindguru_Tests/Pods-JFWindguru_Tests.debug.xcconfig"; sourceTree = "<group>"; };
		25EAF558B682E3180F43A5FB /* Pods-JFWindguruPureWatch Extension.release.xcconfig */ = {isa = PBXFileReference; includeInIndex = 1; lastKnownFileType = text.xcconfig; name = "Pods-JFWindguruPureWatch Extension.release.xcconfig"; path = "Pods/Target Support Files/Pods-JFWindguruPureWatch Extension/Pods-JFWindguruPureWatch Extension.release.xcconfig"; sourceTree = "<group>"; };
		354EFF9C6940E9AC1A057120 /* Pods_JFWindguru_Example_NF.framework */ = {isa = PBXFileReference; explicitFileType = wrapper.framework; includeInIndex = 0; path = Pods_JFWindguru_Example_NF.framework; sourceTree = BUILT_PRODUCTS_DIR; };
		40B4F57327F714BEC574BF7A /* Pods-JFWindguru_Example_NF.debug.xcconfig */ = {isa = PBXFileReference; includeInIndex = 1; lastKnownFileType = text.xcconfig; name = "Pods-JFWindguru_Example_NF.debug.xcconfig"; path = "Pods/Target Support Files/Pods-JFWindguru_Example_NF/Pods-JFWindguru_Example_NF.debug.xcconfig"; sourceTree = "<group>"; };
		4AE215B71CA58BA93CB38A4F /* Pods-JFWindguru-NoExternalFwk-Watch Extension.release.xcconfig */ = {isa = PBXFileReference; includeInIndex = 1; lastKnownFileType = text.xcconfig; name = "Pods-JFWindguru-NoExternalFwk-Watch Extension.release.xcconfig"; path = "Pods/Target Support Files/Pods-JFWindguru-NoExternalFwk-Watch Extension/Pods-JFWindguru-NoExternalFwk-Watch Extension.release.xcconfig"; sourceTree = "<group>"; };
		58D61CCAF1AB1BEB8B928065 /* Pods-JFWindguru-NoExternalFwk.release.xcconfig */ = {isa = PBXFileReference; includeInIndex = 1; lastKnownFileType = text.xcconfig; name = "Pods-JFWindguru-NoExternalFwk.release.xcconfig"; path = "Pods/Target Support Files/Pods-JFWindguru-NoExternalFwk/Pods-JFWindguru-NoExternalFwk.release.xcconfig"; sourceTree = "<group>"; };
		591E406F4FCBE70890D9759F /* Pods-JFWindguruPure_Tests.release.xcconfig */ = {isa = PBXFileReference; includeInIndex = 1; lastKnownFileType = text.xcconfig; name = "Pods-JFWindguruPure_Tests.release.xcconfig"; path = "Pods/Target Support Files/Pods-JFWindguruPure_Tests/Pods-JFWindguruPure_Tests.release.xcconfig"; sourceTree = "<group>"; };
		60399B2F8466B641A6D541AA /* Pods-JFWindguru_Example_NF.release.xcconfig */ = {isa = PBXFileReference; includeInIndex = 1; lastKnownFileType = text.xcconfig; name = "Pods-JFWindguru_Example_NF.release.xcconfig"; path = "Pods/Target Support Files/Pods-JFWindguru_Example_NF/Pods-JFWindguru_Example_NF.release.xcconfig"; sourceTree = "<group>"; };
		607FACD41AFB9204008FA782 /* Info.plist */ = {isa = PBXFileReference; lastKnownFileType = text.plist.xml; path = Info.plist; sourceTree = "<group>"; };
		607FACD51AFB9204008FA782 /* AppDelegate.swift */ = {isa = PBXFileReference; lastKnownFileType = sourcecode.swift; path = AppDelegate.swift; sourceTree = "<group>"; };
		607FACD71AFB9204008FA782 /* ViewController.swift */ = {isa = PBXFileReference; lastKnownFileType = sourcecode.swift; path = ViewController.swift; sourceTree = "<group>"; };
		607FACDA1AFB9204008FA782 /* Base */ = {isa = PBXFileReference; lastKnownFileType = file.storyboard; name = Base; path = Base.lproj/Main.storyboard; sourceTree = "<group>"; };
		607FACDC1AFB9204008FA782 /* Images.xcassets */ = {isa = PBXFileReference; lastKnownFileType = folder.assetcatalog; path = Images.xcassets; sourceTree = "<group>"; };
		607FACDF1AFB9204008FA782 /* Base */ = {isa = PBXFileReference; lastKnownFileType = file.xib; name = Base; path = Base.lproj/LaunchScreen.xib; sourceTree = "<group>"; };
		607FACEA1AFB9204008FA782 /* Info.plist */ = {isa = PBXFileReference; lastKnownFileType = text.plist.xml; path = Info.plist; sourceTree = "<group>"; };
		607FACEB1AFB9204008FA782 /* Tests.swift */ = {isa = PBXFileReference; lastKnownFileType = sourcecode.swift; path = Tests.swift; sourceTree = "<group>"; };
		6FAE9D19872B30473B25FE86 /* Pods_JFWindguru_NoExternalFwk.framework */ = {isa = PBXFileReference; explicitFileType = wrapper.framework; includeInIndex = 0; path = Pods_JFWindguru_NoExternalFwk.framework; sourceTree = BUILT_PRODUCTS_DIR; };
		7053763CB9A8772B20A3335F /* Pods-JFWindguruPure_Example.release.xcconfig */ = {isa = PBXFileReference; includeInIndex = 1; lastKnownFileType = text.xcconfig; name = "Pods-JFWindguruPure_Example.release.xcconfig"; path = "Pods/Target Support Files/Pods-JFWindguruPure_Example/Pods-JFWindguruPure_Example.release.xcconfig"; sourceTree = "<group>"; };
		7057C8941F11D62F007A7FC2 /* Facade.swift */ = {isa = PBXFileReference; fileEncoding = 4; lastKnownFileType = sourcecode.swift; path = Facade.swift; sourceTree = "<group>"; };
		7057C8961F11DABC007A7FC2 /* Common.swift */ = {isa = PBXFileReference; fileEncoding = 4; lastKnownFileType = sourcecode.swift; path = Common.swift; sourceTree = "<group>"; };
		70BAA9BC1F276B4F004CD577 /* JFWindguru_Example.app */ = {isa = PBXFileReference; explicitFileType = wrapper.application; includeInIndex = 0; path = JFWindguru_Example.app; sourceTree = BUILT_PRODUCTS_DIR; };
		70BAA9BD1F276B50004CD577 /* JFWindguruPure_Example-Info.plist */ = {isa = PBXFileReference; lastKnownFileType = text.plist.xml; name = "JFWindguruPure_Example-Info.plist"; path = "/Users/javierfuchs/Job/southfox/jfwindguru/Example/JFWindguruPure_Example-Info.plist"; sourceTree = "<absolute>"; };
		70BAA9CC1F276B6F004CD577 /* JFWindguru_Tests.xctest */ = {isa = PBXFileReference; explicitFileType = wrapper.cfbundle; includeInIndex = 0; path = JFWindguru_Tests.xctest; sourceTree = BUILT_PRODUCTS_DIR; };
		70BAA9CD1F276B6F004CD577 /* JFWindguruPure_Tests-Info.plist */ = {isa = PBXFileReference; lastKnownFileType = text.plist.xml; name = "JFWindguruPure_Tests-Info.plist"; path = "/Users/javierfuchs/Job/southfox/jfwindguru/Example/JFWindguruPure_Tests-Info.plist"; sourceTree = "<absolute>"; };
		70BAA9DA1F276B79004CD577 /* JFWindguruWatch.app */ = {isa = PBXFileReference; explicitFileType = wrapper.application; includeInIndex = 0; path = JFWindguruWatch.app; sourceTree = BUILT_PRODUCTS_DIR; };
		70BAA9DB1F276B79004CD577 /* JFWindguruPureWatch-Info.plist */ = {isa = PBXFileReference; lastKnownFileType = text.plist.xml; name = "JFWindguruPureWatch-Info.plist"; path = "/Users/javierfuchs/Job/southfox/jfwindguru/Example/JFWindguruPureWatch-Info.plist"; sourceTree = "<absolute>"; };
		70BAA9EE1F276B83004CD577 /* JFWindguruWatch Extension.appex */ = {isa = PBXFileReference; explicitFileType = "wrapper.app-extension"; includeInIndex = 0; path = "JFWindguruWatch Extension.appex"; sourceTree = BUILT_PRODUCTS_DIR; };
		70BAA9EF1F276B83004CD577 /* JFWindguruPureWatch Extension-Info.plist */ = {isa = PBXFileReference; lastKnownFileType = text.plist.xml; name = "JFWindguruPureWatch Extension-Info.plist"; path = "/Users/javierfuchs/Job/southfox/jfwindguru/Example/JFWindguruPureWatch Extension-Info.plist"; sourceTree = "<absolute>"; };
		70BAF9B71F958DB7008E0424 /* ForecastResult+formatter.swift */ = {isa = PBXFileReference; lastKnownFileType = sourcecode.swift; path = "ForecastResult+formatter.swift"; sourceTree = "<group>"; };
		70BAF9B81F958DB7008E0424 /* SpotResult+formatter.swift */ = {isa = PBXFileReference; lastKnownFileType = sourcecode.swift; path = "SpotResult+formatter.swift"; sourceTree = "<group>"; };
		70C791BA1F126112008B1F30 /* Base */ = {isa = PBXFileReference; lastKnownFileType = file.storyboard; name = Base; path = Base.lproj/Interface.storyboard; sourceTree = "<group>"; };
		70C791BC1F126112008B1F30 /* Assets.xcassets */ = {isa = PBXFileReference; lastKnownFileType = folder.assetcatalog; path = Assets.xcassets; sourceTree = "<group>"; };
		70C791BE1F126112008B1F30 /* Info.plist */ = {isa = PBXFileReference; lastKnownFileType = text.plist.xml; path = Info.plist; sourceTree = "<group>"; };
		70C791C91F126112008B1F30 /* PushNotificationPayload.apns */ = {isa = PBXFileReference; lastKnownFileType = text; path = PushNotificationPayload.apns; sourceTree = "<group>"; };
		70C791CA1F126112008B1F30 /* InterfaceController.swift */ = {isa = PBXFileReference; lastKnownFileType = sourcecode.swift; path = InterfaceController.swift; sourceTree = "<group>"; };
		70C791CC1F126112008B1F30 /* ExtensionDelegate.swift */ = {isa = PBXFileReference; lastKnownFileType = sourcecode.swift; path = ExtensionDelegate.swift; sourceTree = "<group>"; };
		70C791CE1F126112008B1F30 /* NotificationController.swift */ = {isa = PBXFileReference; lastKnownFileType = sourcecode.swift; path = NotificationController.swift; sourceTree = "<group>"; };
		70C791D01F126112008B1F30 /* ComplicationController.swift */ = {isa = PBXFileReference; lastKnownFileType = sourcecode.swift; path = ComplicationController.swift; sourceTree = "<group>"; };
		70C791D21F126112008B1F30 /* Assets.xcassets */ = {isa = PBXFileReference; lastKnownFileType = folder.assetcatalog; path = Assets.xcassets; sourceTree = "<group>"; };
		70C791D41F126112008B1F30 /* Info.plist */ = {isa = PBXFileReference; lastKnownFileType = text.plist.xml; path = Info.plist; sourceTree = "<group>"; };
		70ED9F4F1F16C45300F8DFB9 /* ApiListViewController.swift */ = {isa = PBXFileReference; fileEncoding = 4; lastKnownFileType = sourcecode.swift; path = ApiListViewController.swift; sourceTree = "<group>"; };
		70ED9F541F17AC4C00F8DFB9 /* ApiInfoViewController.swift */ = {isa = PBXFileReference; fileEncoding = 4; lastKnownFileType = sourcecode.swift; path = ApiInfoViewController.swift; sourceTree = "<group>"; };
		75BD7544F10B01620940CE62 /* Pods-JFWindguru-NoExternalFwk.debug.xcconfig */ = {isa = PBXFileReference; includeInIndex = 1; lastKnownFileType = text.xcconfig; name = "Pods-JFWindguru-NoExternalFwk.debug.xcconfig"; path = "Pods/Target Support Files/Pods-JFWindguru-NoExternalFwk/Pods-JFWindguru-NoExternalFwk.debug.xcconfig"; sourceTree = "<group>"; };
		7C15CDBB380936AAAB9C6643 /* Pods-JFWindguruWatch Extension.debug.xcconfig */ = {isa = PBXFileReference; includeInIndex = 1; lastKnownFileType = text.xcconfig; name = "Pods-JFWindguruWatch Extension.debug.xcconfig"; path = "Pods/Target Support Files/Pods-JFWindguruWatch Extension/Pods-JFWindguruWatch Extension.debug.xcconfig"; sourceTree = "<group>"; };
		86D56F18FE10F14EF37E3A39 /* Pods-JFWindguruPure_Tests.debug.xcconfig */ = {isa = PBXFileReference; includeInIndex = 1; lastKnownFileType = text.xcconfig; name = "Pods-JFWindguruPure_Tests.debug.xcconfig"; path = "Pods/Target Support Files/Pods-JFWindguruPure_Tests/Pods-JFWindguruPure_Tests.debug.xcconfig"; sourceTree = "<group>"; };
		88CC4239D10EA3B99ED1ADC3 /* JFWindguru.podspec */ = {isa = PBXFileReference; includeInIndex = 1; lastKnownFileType = text; name = JFWindguru.podspec; path = ../JFWindguru.podspec; sourceTree = "<group>"; };
		917FA449C8A9F880844B10B1 /* LICENSE */ = {isa = PBXFileReference; includeInIndex = 1; lastKnownFileType = text; name = LICENSE; path = ../LICENSE; sourceTree = "<group>"; };
		932252DD611C98BB366C0670 /* Pods_JFWindguru_NoExternalFwk_Watch_Extension.framework */ = {isa = PBXFileReference; explicitFileType = wrapper.framework; includeInIndex = 0; path = Pods_JFWindguru_NoExternalFwk_Watch_Extension.framework; sourceTree = BUILT_PRODUCTS_DIR; };
		96D67F8158364D9A95EDB700 /* Pods_JFWindguruWatch_Extension.framework */ = {isa = PBXFileReference; explicitFileType = wrapper.framework; includeInIndex = 0; path = Pods_JFWindguruWatch_Extension.framework; sourceTree = BUILT_PRODUCTS_DIR; };
		998C69944297DB03870729D3 /* Pods-JFWindguruPure_Example.debug.xcconfig */ = {isa = PBXFileReference; includeInIndex = 1; lastKnownFileType = text.xcconfig; name = "Pods-JFWindguruPure_Example.debug.xcconfig"; path = "Pods/Target Support Files/Pods-JFWindguruPure_Example/Pods-JFWindguruPure_Example.debug.xcconfig"; sourceTree = "<group>"; };
		9B797BC5480538A94EFE2069 /* Pods-JFWindguru_Tests.release.xcconfig */ = {isa = PBXFileReference; includeInIndex = 1; lastKnownFileType = text.xcconfig; name = "Pods-JFWindguru_Tests.release.xcconfig"; path = "Pods/Target Support Files/Pods-JFWindguru_Tests/Pods-JFWindguru_Tests.release.xcconfig"; sourceTree = "<group>"; };
		A4A85B64D047BA2623491E8D /* Pods-JFWindguru_Example.release.xcconfig */ = {isa = PBXFileReference; includeInIndex = 1; lastKnownFileType = text.xcconfig; name = "Pods-JFWindguru_Example.release.xcconfig"; path = "Pods/Target Support Files/Pods-JFWindguru_Example/Pods-JFWindguru_Example.release.xcconfig"; sourceTree = "<group>"; };
		AF99DC2182614895DB3D1929 /* Pods-JFWindguruPureWatch Extension.debug.xcconfig */ = {isa = PBXFileReference; includeInIndex = 1; lastKnownFileType = text.xcconfig; name = "Pods-JFWindguruPureWatch Extension.debug.xcconfig"; path = "Pods/Target Support Files/Pods-JFWindguruPureWatch Extension/Pods-JFWindguruPureWatch Extension.debug.xcconfig"; sourceTree = "<group>"; };
		BB12DC8AFDA460D396DEBF95 /* Pods_JFWindguru_Example_EF.framework */ = {isa = PBXFileReference; explicitFileType = wrapper.framework; includeInIndex = 0; path = Pods_JFWindguru_Example_EF.framework; sourceTree = BUILT_PRODUCTS_DIR; };
		C40A22B3F5AF9A028C04F2B2 /* Pods-JFWindguru_Tests_NF.release.xcconfig */ = {isa = PBXFileReference; includeInIndex = 1; lastKnownFileType = text.xcconfig; name = "Pods-JFWindguru_Tests_NF.release.xcconfig"; path = "Pods/Target Support Files/Pods-JFWindguru_Tests_NF/Pods-JFWindguru_Tests_NF.release.xcconfig"; sourceTree = "<group>"; };
		D3914A4B71476DA659AC439F /* Pods_JFWindguru_Example.framework */ = {isa = PBXFileReference; explicitFileType = wrapper.framework; includeInIndex = 0; path = Pods_JFWindguru_Example.framework; sourceTree = BUILT_PRODUCTS_DIR; };
		D93F0B6B65CBA403B7743FBC /* Pods_JFWindguru_Tests.framework */ = {isa = PBXFileReference; explicitFileType = wrapper.framework; includeInIndex = 0; path = Pods_JFWindguru_Tests.framework; sourceTree = BUILT_PRODUCTS_DIR; };
		E11FCEF0B612B56B1DEF6EF7 /* README.md */ = {isa = PBXFileReference; includeInIndex = 1; lastKnownFileType = net.daringfireball.markdown; name = README.md; path = ../README.md; sourceTree = "<group>"; };
		E1F3A41A306FE3811A271AE6 /* Pods_JFWindguru_Tests_NF.framework */ = {isa = PBXFileReference; explicitFileType = wrapper.framework; includeInIndex = 0; path = Pods_JFWindguru_Tests_NF.framework; sourceTree = BUILT_PRODUCTS_DIR; };
		E6F44748CD56744570056B45 /* Pods_JFWindguruPure_Example.framework */ = {isa = PBXFileReference; explicitFileType = wrapper.framework; includeInIndex = 0; path = Pods_JFWindguruPure_Example.framework; sourceTree = BUILT_PRODUCTS_DIR; };
/* End PBXFileReference section */

/* Begin PBXFrameworksBuildPhase section */
		70BAA9AF1F276B4F004CD577 /* Frameworks */ = {
			isa = PBXFrameworksBuildPhase;
			buildActionMask = 2147483647;
			files = (
				DFC0D41A0B7796EF70026B51 /* Pods_JFWindguru_Example.framework in Frameworks */,
			);
			runOnlyForDeploymentPostprocessing = 0;
		};
		70BAA9C41F276B6F004CD577 /* Frameworks */ = {
			isa = PBXFrameworksBuildPhase;
			buildActionMask = 2147483647;
			files = (
				70BAA9C51F276B6F004CD577 /* Pods_JFWindguru_Tests.framework in Frameworks */,
				0DB277C153B79CD6F38D1FC2 /* Pods_JFWindguruPure_Tests.framework in Frameworks */,
			);
			runOnlyForDeploymentPostprocessing = 0;
		};
		70BAA9D61F276B79004CD577 /* Frameworks */ = {
			isa = PBXFrameworksBuildPhase;
			buildActionMask = 2147483647;
			files = (
			);
			runOnlyForDeploymentPostprocessing = 0;
		};
		70BAA9E51F276B83004CD577 /* Frameworks */ = {
			isa = PBXFrameworksBuildPhase;
			buildActionMask = 2147483647;
			files = (
				689D6016BD694B6494B36404 /* Pods_JFWindguruWatch_Extension.framework in Frameworks */,
			);
			runOnlyForDeploymentPostprocessing = 0;
		};
/* End PBXFrameworksBuildPhase section */

/* Begin PBXGroup section */
		457E480755B3B9731D3C8AFE /* Frameworks */ = {
			isa = PBXGroup;
			children = (
				D3914A4B71476DA659AC439F /* Pods_JFWindguru_Example.framework */,
				D93F0B6B65CBA403B7743FBC /* Pods_JFWindguru_Tests.framework */,
				BB12DC8AFDA460D396DEBF95 /* Pods_JFWindguru_Example_EF.framework */,
				09DE96ECDD190AB88844E8CC /* Pods_JFWindguru_Tests_EF.framework */,
				354EFF9C6940E9AC1A057120 /* Pods_JFWindguru_Example_NF.framework */,
				E1F3A41A306FE3811A271AE6 /* Pods_JFWindguru_Tests_NF.framework */,
				6FAE9D19872B30473B25FE86 /* Pods_JFWindguru_NoExternalFwk.framework */,
				932252DD611C98BB366C0670 /* Pods_JFWindguru_NoExternalFwk_Watch_Extension.framework */,
				0E2722899EBED28B401D9D3F /* Pods_JFWindguruPureWatch_Extension.framework */,
				E6F44748CD56744570056B45 /* Pods_JFWindguruPure_Example.framework */,
				24620BFFAD658E1280C2BF1F /* Pods_JFWindguruPure_Tests.framework */,
				96D67F8158364D9A95EDB700 /* Pods_JFWindguruWatch_Extension.framework */,
			);
			name = Frameworks;
			sourceTree = "<group>";
		};
		607FACC71AFB9204008FA782 = {
			isa = PBXGroup;
			children = (
				607FACF51AFB993E008FA782 /* Podspec Metadata */,
				607FACD21AFB9204008FA782 /* Example for JFWindguru */,
				607FACE81AFB9204008FA782 /* Tests */,
				70C791B81F126112008B1F30 /* JFWindguruWatch */,
				70C791C71F126112008B1F30 /* JFWindguruWatch Extension */,
				607FACD11AFB9204008FA782 /* Products */,
				B7BD308B2C5ACB7DC09326FE /* Pods */,
				457E480755B3B9731D3C8AFE /* Frameworks */,
				70BAA9BD1F276B50004CD577 /* JFWindguruPure_Example-Info.plist */,
				70BAA9CD1F276B6F004CD577 /* JFWindguruPure_Tests-Info.plist */,
				70BAA9DB1F276B79004CD577 /* JFWindguruPureWatch-Info.plist */,
				70BAA9EF1F276B83004CD577 /* JFWindguruPureWatch Extension-Info.plist */,
			);
			sourceTree = "<group>";
		};
		607FACD11AFB9204008FA782 /* Products */ = {
			isa = PBXGroup;
			children = (
				70BAA9BC1F276B4F004CD577 /* JFWindguru_Example.app */,
				70BAA9CC1F276B6F004CD577 /* JFWindguru_Tests.xctest */,
				70BAA9DA1F276B79004CD577 /* JFWindguruWatch.app */,
				70BAA9EE1F276B83004CD577 /* JFWindguruWatch Extension.appex */,
			);
			name = Products;
			sourceTree = "<group>";
		};
		607FACD21AFB9204008FA782 /* Example for JFWindguru */ = {
			isa = PBXGroup;
			children = (
				607FACD51AFB9204008FA782 /* AppDelegate.swift */,
				7057C8961F11DABC007A7FC2 /* Common.swift */,
				7057C8941F11D62F007A7FC2 /* Facade.swift */,
				607FACD71AFB9204008FA782 /* ViewController.swift */,
				70BAF9B61F958DB7008E0424 /* Extensions */,
				70ED9F4F1F16C45300F8DFB9 /* ApiListViewController.swift */,
				70ED9F541F17AC4C00F8DFB9 /* ApiInfoViewController.swift */,
				607FACD91AFB9204008FA782 /* Main.storyboard */,
				607FACDC1AFB9204008FA782 /* Images.xcassets */,
				607FACDE1AFB9204008FA782 /* LaunchScreen.xib */,
				607FACD31AFB9204008FA782 /* Supporting Files */,
			);
			name = "Example for JFWindguru";
			path = JFWindguru;
			sourceTree = "<group>";
		};
		607FACD31AFB9204008FA782 /* Supporting Files */ = {
			isa = PBXGroup;
			children = (
				607FACD41AFB9204008FA782 /* Info.plist */,
			);
			name = "Supporting Files";
			sourceTree = "<group>";
		};
		607FACE81AFB9204008FA782 /* Tests */ = {
			isa = PBXGroup;
			children = (
				607FACEB1AFB9204008FA782 /* Tests.swift */,
				607FACE91AFB9204008FA782 /* Supporting Files */,
			);
			path = Tests;
			sourceTree = "<group>";
		};
		607FACE91AFB9204008FA782 /* Supporting Files */ = {
			isa = PBXGroup;
			children = (
				607FACEA1AFB9204008FA782 /* Info.plist */,
			);
			name = "Supporting Files";
			sourceTree = "<group>";
		};
		607FACF51AFB993E008FA782 /* Podspec Metadata */ = {
			isa = PBXGroup;
			children = (
				88CC4239D10EA3B99ED1ADC3 /* JFWindguru.podspec */,
				E11FCEF0B612B56B1DEF6EF7 /* README.md */,
				917FA449C8A9F880844B10B1 /* LICENSE */,
			);
			name = "Podspec Metadata";
			sourceTree = "<group>";
		};
		70BAF9B61F958DB7008E0424 /* Extensions */ = {
			isa = PBXGroup;
			children = (
				70BAF9B71F958DB7008E0424 /* ForecastResult+formatter.swift */,
				70BAF9B81F958DB7008E0424 /* SpotResult+formatter.swift */,
			);
			path = Extensions;
			sourceTree = "<group>";
		};
		70C791B81F126112008B1F30 /* JFWindguruWatch */ = {
			isa = PBXGroup;
			children = (
				70C791B91F126112008B1F30 /* Interface.storyboard */,
				70C791BC1F126112008B1F30 /* Assets.xcassets */,
				70C791BE1F126112008B1F30 /* Info.plist */,
			);
			path = JFWindguruWatch;
			sourceTree = "<group>";
		};
		70C791C71F126112008B1F30 /* JFWindguruWatch Extension */ = {
			isa = PBXGroup;
			children = (
				70C791CA1F126112008B1F30 /* InterfaceController.swift */,
				70C791CC1F126112008B1F30 /* ExtensionDelegate.swift */,
				70C791CE1F126112008B1F30 /* NotificationController.swift */,
				70C791D01F126112008B1F30 /* ComplicationController.swift */,
				70C791D21F126112008B1F30 /* Assets.xcassets */,
				70C791D41F126112008B1F30 /* Info.plist */,
				70C791C81F126112008B1F30 /* Supporting Files */,
			);
			path = "JFWindguruWatch Extension";
			sourceTree = "<group>";
		};
		70C791C81F126112008B1F30 /* Supporting Files */ = {
			isa = PBXGroup;
			children = (
				70C791C91F126112008B1F30 /* PushNotificationPayload.apns */,
			);
			name = "Supporting Files";
			sourceTree = "<group>";
		};
		B7BD308B2C5ACB7DC09326FE /* Pods */ = {
			isa = PBXGroup;
			children = (
				154C254CD77976B0E205DF68 /* Pods-JFWindguru_Example.debug.xcconfig */,
				A4A85B64D047BA2623491E8D /* Pods-JFWindguru_Example.release.xcconfig */,
				24D07A369532A7136ACE3C45 /* Pods-JFWindguru_Tests.debug.xcconfig */,
				9B797BC5480538A94EFE2069 /* Pods-JFWindguru_Tests.release.xcconfig */,
				7C15CDBB380936AAAB9C6643 /* Pods-JFWindguruWatch Extension.debug.xcconfig */,
				1AA98D0A028465017AAFA6FD /* Pods-JFWindguruWatch Extension.release.xcconfig */,
				40B4F57327F714BEC574BF7A /* Pods-JFWindguru_Example_NF.debug.xcconfig */,
				60399B2F8466B641A6D541AA /* Pods-JFWindguru_Example_NF.release.xcconfig */,
				1C5A4F4DEFBBC5BC99065D10 /* Pods-JFWindguru_Tests_NF.debug.xcconfig */,
				C40A22B3F5AF9A028C04F2B2 /* Pods-JFWindguru_Tests_NF.release.xcconfig */,
				75BD7544F10B01620940CE62 /* Pods-JFWindguru-NoExternalFwk.debug.xcconfig */,
				58D61CCAF1AB1BEB8B928065 /* Pods-JFWindguru-NoExternalFwk.release.xcconfig */,
				23F02F7889E74D1D4C0E2B41 /* Pods-JFWindguru-NoExternalFwk-Watch Extension.debug.xcconfig */,
				4AE215B71CA58BA93CB38A4F /* Pods-JFWindguru-NoExternalFwk-Watch Extension.release.xcconfig */,
				AF99DC2182614895DB3D1929 /* Pods-JFWindguruPureWatch Extension.debug.xcconfig */,
				25EAF558B682E3180F43A5FB /* Pods-JFWindguruPureWatch Extension.release.xcconfig */,
				998C69944297DB03870729D3 /* Pods-JFWindguruPure_Example.debug.xcconfig */,
				7053763CB9A8772B20A3335F /* Pods-JFWindguruPure_Example.release.xcconfig */,
				86D56F18FE10F14EF37E3A39 /* Pods-JFWindguruPure_Tests.debug.xcconfig */,
				591E406F4FCBE70890D9759F /* Pods-JFWindguruPure_Tests.release.xcconfig */,
			);
			name = Pods;
			sourceTree = "<group>";
		};
/* End PBXGroup section */

/* Begin PBXNativeTarget section */
		70BAA9A41F276B4F004CD577 /* JFWindguru_Example */ = {
			isa = PBXNativeTarget;
			buildConfigurationList = 70BAA9B91F276B4F004CD577 /* Build configuration list for PBXNativeTarget "JFWindguru_Example" */;
			buildPhases = (
				70BAA9A71F276B4F004CD577 /* [CP] Check Pods Manifest.lock */,
				70BAA9A81F276B4F004CD577 /* Sources */,
				70BAA9AF1F276B4F004CD577 /* Frameworks */,
				70BAA9B11F276B4F004CD577 /* Resources */,
				70BAA9B51F276B4F004CD577 /* [CP] Embed Pods Frameworks */,
				70BAA9B61F276B4F004CD577 /* [CP] Copy Pods Resources */,
				70BAA9B71F276B4F004CD577 /* Embed Watch Content */,
			);
			buildRules = (
			);
			dependencies = (
				70CA322F1F2CE20900C40213 /* PBXTargetDependency */,
			);
			name = JFWindguru_Example;
			productName = JFWindguru;
			productReference = 70BAA9BC1F276B4F004CD577 /* JFWindguru_Example.app */;
			productType = "com.apple.product-type.application";
		};
		70BAA9BE1F276B6F004CD577 /* JFWindguru_Tests */ = {
			isa = PBXNativeTarget;
			buildConfigurationList = 70BAA9C91F276B6F004CD577 /* Build configuration list for PBXNativeTarget "JFWindguru_Tests" */;
			buildPhases = (
				70BAA9C11F276B6F004CD577 /* [CP] Check Pods Manifest.lock */,
				70BAA9C21F276B6F004CD577 /* Sources */,
				70BAA9C41F276B6F004CD577 /* Frameworks */,
				70BAA9C61F276B6F004CD577 /* Resources */,
				70BAA9C71F276B6F004CD577 /* [CP] Embed Pods Frameworks */,
				70BAA9C81F276B6F004CD577 /* [CP] Copy Pods Resources */,
			);
			buildRules = (
			);
			dependencies = (
				70BAA9F11F276C5B004CD577 /* PBXTargetDependency */,
			);
			name = JFWindguru_Tests;
			productName = Tests;
			productReference = 70BAA9CC1F276B6F004CD577 /* JFWindguru_Tests.xctest */;
			productType = "com.apple.product-type.bundle.unit-test";
		};
		70BAA9CE1F276B79004CD577 /* JFWindguruWatch */ = {
			isa = PBXNativeTarget;
			buildConfigurationList = 70BAA9D71F276B79004CD577 /* Build configuration list for PBXNativeTarget "JFWindguruWatch" */;
			buildPhases = (
				70BAA9D11F276B79004CD577 /* Resources */,
				70BAA9D41F276B79004CD577 /* Embed App Extensions */,
				70BAA9D61F276B79004CD577 /* Frameworks */,
			);
			buildRules = (
			);
			dependencies = (
			);
			name = JFWindguruWatch;
			productName = JFWindguruWatch;
			productReference = 70BAA9DA1F276B79004CD577 /* JFWindguruWatch.app */;
			productType = "com.apple.product-type.application.watchapp2";
		};
		70BAA9DC1F276B83004CD577 /* JFWindguruWatch Extension */ = {
			isa = PBXNativeTarget;
			buildConfigurationList = 70BAA9EB1F276B83004CD577 /* Build configuration list for PBXNativeTarget "JFWindguruWatch Extension" */;
			buildPhases = (
				70BAA9DD1F276B83004CD577 /* [CP] Check Pods Manifest.lock */,
				70BAA9DE1F276B83004CD577 /* Sources */,
				70BAA9E51F276B83004CD577 /* Frameworks */,
				70BAA9E71F276B83004CD577 /* Resources */,
				70BAA9E91F276B83004CD577 /* [CP] Embed Pods Frameworks */,
				70BAA9EA1F276B83004CD577 /* [CP] Copy Pods Resources */,
			);
			buildRules = (
			);
			dependencies = (
			);
			name = "JFWindguruWatch Extension";
			productName = "JFWindguruWatch Extension";
			productReference = 70BAA9EE1F276B83004CD577 /* JFWindguruWatch Extension.appex */;
			productType = "com.apple.product-type.watchkit2-extension";
		};
/* End PBXNativeTarget section */

/* Begin PBXProject section */
		607FACC81AFB9204008FA782 /* Project object */ = {
			isa = PBXProject;
			attributes = {
				LastSwiftUpdateCheck = 0830;
				LastUpgradeCheck = 0900;
				ORGANIZATIONNAME = CocoaPods;
				TargetAttributes = {
					70BAA9A41F276B4F004CD577 = {
						LastSwiftMigration = 0900;
					};
					70BAA9BE1F276B6F004CD577 = {
						TestTargetID = 70BAA9A41F276B4F004CD577;
					};
					70BAA9CE1F276B79004CD577 = {
						LastSwiftMigration = 0900;
					};
					70BAA9DC1F276B83004CD577 = {
						DevelopmentTeam = 27XTSJS68A;
					};
				};
			};
			buildConfigurationList = 607FACCB1AFB9204008FA782 /* Build configuration list for PBXProject "JFWindguru" */;
			compatibilityVersion = "Xcode 3.2";
			developmentRegion = English;
			hasScannedForEncodings = 0;
			knownRegions = (
				en,
				Base,
			);
			mainGroup = 607FACC71AFB9204008FA782;
			productRefGroup = 607FACD11AFB9204008FA782 /* Products */;
			projectDirPath = "";
			projectRoot = "";
			targets = (
				70BAA9A41F276B4F004CD577 /* JFWindguru_Example */,
				70BAA9BE1F276B6F004CD577 /* JFWindguru_Tests */,
				70BAA9CE1F276B79004CD577 /* JFWindguruWatch */,
				70BAA9DC1F276B83004CD577 /* JFWindguruWatch Extension */,
			);
		};
/* End PBXProject section */

/* Begin PBXResourcesBuildPhase section */
		70BAA9B11F276B4F004CD577 /* Resources */ = {
			isa = PBXResourcesBuildPhase;
			buildActionMask = 2147483647;
			files = (
				70BAA9B21F276B4F004CD577 /* Main.storyboard in Resources */,
				70BAA9B31F276B4F004CD577 /* LaunchScreen.xib in Resources */,
				70BAA9B41F276B4F004CD577 /* Images.xcassets in Resources */,
			);
			runOnlyForDeploymentPostprocessing = 0;
		};
		70BAA9C61F276B6F004CD577 /* Resources */ = {
			isa = PBXResourcesBuildPhase;
			buildActionMask = 2147483647;
			files = (
			);
			runOnlyForDeploymentPostprocessing = 0;
		};
		70BAA9D11F276B79004CD577 /* Resources */ = {
			isa = PBXResourcesBuildPhase;
			buildActionMask = 2147483647;
			files = (
				70BAA9D21F276B79004CD577 /* Assets.xcassets in Resources */,
				70BAA9D31F276B79004CD577 /* Interface.storyboard in Resources */,
			);
			runOnlyForDeploymentPostprocessing = 0;
		};
		70BAA9E71F276B83004CD577 /* Resources */ = {
			isa = PBXResourcesBuildPhase;
			buildActionMask = 2147483647;
			files = (
				70BAA9E81F276B83004CD577 /* Assets.xcassets in Resources */,
			);
			runOnlyForDeploymentPostprocessing = 0;
		};
/* End PBXResourcesBuildPhase section */

/* Begin PBXShellScriptBuildPhase section */
		70BAA9A71F276B4F004CD577 /* [CP] Check Pods Manifest.lock */ = {
			isa = PBXShellScriptBuildPhase;
			buildActionMask = 2147483647;
			files = (
			);
			inputPaths = (
			);
			name = "[CP] Check Pods Manifest.lock";
			outputPaths = (
			);
			runOnlyForDeploymentPostprocessing = 0;
			shellPath = /bin/sh;
			shellScript = "diff \"${PODS_ROOT}/../Podfile.lock\" \"${PODS_ROOT}/Manifest.lock\" > /dev/null\nif [ $? != 0 ] ; then\n    # print error to STDERR\n    echo \"error: The sandbox is not in sync with the Podfile.lock. Run 'pod install' or update your CocoaPods installation.\" >&2\n    exit 1\nfi\n";
			showEnvVarsInLog = 0;
		};
		70BAA9B51F276B4F004CD577 /* [CP] Embed Pods Frameworks */ = {
			isa = PBXShellScriptBuildPhase;
			buildActionMask = 2147483647;
			files = (
			);
			inputPaths = (
			);
			name = "[CP] Embed Pods Frameworks";
			outputPaths = (
			);
			runOnlyForDeploymentPostprocessing = 0;
			shellPath = /bin/sh;
			shellScript = "\"${SRCROOT}/Pods/Target Support Files/Pods-JFWindguru_Example/Pods-JFWindguru_Example-frameworks.sh\"\n";
			showEnvVarsInLog = 0;
		};
		70BAA9B61F276B4F004CD577 /* [CP] Copy Pods Resources */ = {
			isa = PBXShellScriptBuildPhase;
			buildActionMask = 2147483647;
			files = (
			);
			inputPaths = (
			);
			name = "[CP] Copy Pods Resources";
			outputPaths = (
			);
			runOnlyForDeploymentPostprocessing = 0;
			shellPath = /bin/sh;
			shellScript = "\"${SRCROOT}/Pods/Target Support Files/Pods-JFWindguru_Example/Pods-JFWindguru_Example-resources.sh\"\n";
			showEnvVarsInLog = 0;
		};
		70BAA9C11F276B6F004CD577 /* [CP] Check Pods Manifest.lock */ = {
			isa = PBXShellScriptBuildPhase;
			buildActionMask = 2147483647;
			files = (
			);
			inputPaths = (
			);
			name = "[CP] Check Pods Manifest.lock";
			outputPaths = (
			);
			runOnlyForDeploymentPostprocessing = 0;
			shellPath = /bin/sh;
			shellScript = "diff \"${PODS_ROOT}/../Podfile.lock\" \"${PODS_ROOT}/Manifest.lock\" > /dev/null\nif [ $? != 0 ] ; then\n    # print error to STDERR\n    echo \"error: The sandbox is not in sync with the Podfile.lock. Run 'pod install' or update your CocoaPods installation.\" >&2\n    exit 1\nfi\n";
			showEnvVarsInLog = 0;
		};
		70BAA9C71F276B6F004CD577 /* [CP] Embed Pods Frameworks */ = {
			isa = PBXShellScriptBuildPhase;
			buildActionMask = 2147483647;
			files = (
			);
			inputPaths = (
			);
			name = "[CP] Embed Pods Frameworks";
			outputPaths = (
			);
			runOnlyForDeploymentPostprocessing = 0;
			shellPath = /bin/sh;
			shellScript = "\"${SRCROOT}/Pods/Target Support Files/Pods-JFWindguru_Tests/Pods-JFWindguru_Tests-frameworks.sh\"\n";
			showEnvVarsInLog = 0;
		};
		70BAA9C81F276B6F004CD577 /* [CP] Copy Pods Resources */ = {
			isa = PBXShellScriptBuildPhase;
			buildActionMask = 2147483647;
			files = (
			);
			inputPaths = (
			);
			name = "[CP] Copy Pods Resources";
			outputPaths = (
			);
			runOnlyForDeploymentPostprocessing = 0;
			shellPath = /bin/sh;
			shellScript = "\"${SRCROOT}/Pods/Target Support Files/Pods-JFWindguru_Tests/Pods-JFWindguru_Tests-resources.sh\"\n";
			showEnvVarsInLog = 0;
		};
		70BAA9DD1F276B83004CD577 /* [CP] Check Pods Manifest.lock */ = {
			isa = PBXShellScriptBuildPhase;
			buildActionMask = 2147483647;
			files = (
			);
			inputPaths = (
			);
			name = "[CP] Check Pods Manifest.lock";
			outputPaths = (
			);
			runOnlyForDeploymentPostprocessing = 0;
			shellPath = /bin/sh;
			shellScript = "diff \"${PODS_ROOT}/../Podfile.lock\" \"${PODS_ROOT}/Manifest.lock\" > /dev/null\nif [ $? != 0 ] ; then\n    # print error to STDERR\n    echo \"error: The sandbox is not in sync with the Podfile.lock. Run 'pod install' or update your CocoaPods installation.\" >&2\n    exit 1\nfi\n";
			showEnvVarsInLog = 0;
		};
		70BAA9E91F276B83004CD577 /* [CP] Embed Pods Frameworks */ = {
			isa = PBXShellScriptBuildPhase;
			buildActionMask = 2147483647;
			files = (
			);
			inputPaths = (
			);
			name = "[CP] Embed Pods Frameworks";
			outputPaths = (
			);
			runOnlyForDeploymentPostprocessing = 0;
			shellPath = /bin/sh;
			shellScript = "\"${SRCROOT}/Pods/Target Support Files/Pods-JFWindguruWatch Extension/Pods-JFWindguruWatch Extension-frameworks.sh\"\n";
			showEnvVarsInLog = 0;
		};
		70BAA9EA1F276B83004CD577 /* [CP] Copy Pods Resources */ = {
			isa = PBXShellScriptBuildPhase;
			buildActionMask = 2147483647;
			files = (
			);
			inputPaths = (
			);
			name = "[CP] Copy Pods Resources";
			outputPaths = (
			);
			runOnlyForDeploymentPostprocessing = 0;
			shellPath = /bin/sh;
			shellScript = "\"${SRCROOT}/Pods/Target Support Files/Pods-JFWindguruWatch Extension/Pods-JFWindguruWatch Extension-resources.sh\"\n";
			showEnvVarsInLog = 0;
		};
/* End PBXShellScriptBuildPhase section */

/* Begin PBXSourcesBuildPhase section */
		70BAA9A81F276B4F004CD577 /* Sources */ = {
			isa = PBXSourcesBuildPhase;
			buildActionMask = 2147483647;
			files = (
				70BAA9AB1F276B4F004CD577 /* Common.swift in Sources */,
				70BAF9BA1F958DE7008E0424 /* SpotResult+formatter.swift in Sources */,
				70BAF9B91F958DE4008E0424 /* ForecastResult+formatter.swift in Sources */,
				70EC64DD1F952C91005E2C29 /* ApiInfoViewController.swift in Sources */,
				70EC64DC1F952C8F005E2C29 /* ApiListViewController.swift in Sources */,
				70BAA9AC1F276B4F004CD577 /* Facade.swift in Sources */,
				70BAA9AD1F276B4F004CD577 /* ViewController.swift in Sources */,
				70BAA9AE1F276B4F004CD577 /* AppDelegate.swift in Sources */,
			);
			runOnlyForDeploymentPostprocessing = 0;
		};
		70BAA9C21F276B6F004CD577 /* Sources */ = {
			isa = PBXSourcesBuildPhase;
			buildActionMask = 2147483647;
			files = (
				70BAA9C31F276B6F004CD577 /* Tests.swift in Sources */,
			);
			runOnlyForDeploymentPostprocessing = 0;
		};
		70BAA9DE1F276B83004CD577 /* Sources */ = {
			isa = PBXSourcesBuildPhase;
			buildActionMask = 2147483647;
			files = (
				70BAA9DF1F276B83004CD577 /* NotificationController.swift in Sources */,
				70BAA9E01F276B83004CD577 /* ComplicationController.swift in Sources */,
				70BAA9E11F276B83004CD577 /* ExtensionDelegate.swift in Sources */,
				70BAF9BC1F95A855008E0424 /* SpotResult+formatter.swift in Sources */,
				70BAA9E21F276B83004CD577 /* Facade.swift in Sources */,
				70BAA9E31F276B83004CD577 /* Common.swift in Sources */,
				70BAF9BD1F95A859008E0424 /* ForecastResult+formatter.swift in Sources */,
				70BAA9E41F276B83004CD577 /* InterfaceController.swift in Sources */,
			);
			runOnlyForDeploymentPostprocessing = 0;
		};
/* End PBXSourcesBuildPhase section */

/* Begin PBXTargetDependency section */
		70BAA9F11F276C5B004CD577 /* PBXTargetDependency */ = {
			isa = PBXTargetDependency;
			target = 70BAA9A41F276B4F004CD577 /* JFWindguru_Example */;
			targetProxy = 70BAA9F01F276C5B004CD577 /* PBXContainerItemProxy */;
		};
		70CA322F1F2CE20900C40213 /* PBXTargetDependency */ = {
			isa = PBXTargetDependency;
			target = 70BAA9CE1F276B79004CD577 /* JFWindguruWatch */;
			targetProxy = 70CA322E1F2CE20900C40213 /* PBXContainerItemProxy */;
		};
/* End PBXTargetDependency section */

/* Begin PBXVariantGroup section */
		607FACD91AFB9204008FA782 /* Main.storyboard */ = {
			isa = PBXVariantGroup;
			children = (
				607FACDA1AFB9204008FA782 /* Base */,
			);
			name = Main.storyboard;
			sourceTree = "<group>";
		};
		607FACDE1AFB9204008FA782 /* LaunchScreen.xib */ = {
			isa = PBXVariantGroup;
			children = (
				607FACDF1AFB9204008FA782 /* Base */,
			);
			name = LaunchScreen.xib;
			sourceTree = "<group>";
		};
		70C791B91F126112008B1F30 /* Interface.storyboard */ = {
			isa = PBXVariantGroup;
			children = (
				70C791BA1F126112008B1F30 /* Base */,
			);
			name = Interface.storyboard;
			sourceTree = "<group>";
		};
/* End PBXVariantGroup section */

/* Begin XCBuildConfiguration section */
		607FACED1AFB9204008FA782 /* Debug */ = {
			isa = XCBuildConfiguration;
			buildSettings = {
				ALWAYS_SEARCH_USER_PATHS = NO;
				CLANG_CXX_LANGUAGE_STANDARD = "gnu++0x";
				CLANG_CXX_LIBRARY = "libc++";
				CLANG_ENABLE_MODULES = YES;
				CLANG_ENABLE_OBJC_ARC = YES;
				CLANG_WARN_BLOCK_CAPTURE_AUTORELEASING = YES;
				CLANG_WARN_BOOL_CONVERSION = YES;
				CLANG_WARN_COMMA = YES;
				CLANG_WARN_CONSTANT_CONVERSION = YES;
				CLANG_WARN_DIRECT_OBJC_ISA_USAGE = YES_ERROR;
				CLANG_WARN_EMPTY_BODY = YES;
				CLANG_WARN_ENUM_CONVERSION = YES;
				CLANG_WARN_INFINITE_RECURSION = YES;
				CLANG_WARN_INT_CONVERSION = YES;
				CLANG_WARN_NON_LITERAL_NULL_CONVERSION = YES;
				CLANG_WARN_OBJC_LITERAL_CONVERSION = YES;
				CLANG_WARN_OBJC_ROOT_CLASS = YES_ERROR;
				CLANG_WARN_RANGE_LOOP_ANALYSIS = YES;
				CLANG_WARN_STRICT_PROTOTYPES = YES;
				CLANG_WARN_SUSPICIOUS_MOVE = YES;
				CLANG_WARN_UNREACHABLE_CODE = YES;
				CLANG_WARN__DUPLICATE_METHOD_MATCH = YES;
				"CODE_SIGN_IDENTITY[sdk=iphoneos*]" = "iPhone Developer";
				COPY_PHASE_STRIP = NO;
				DEBUG_INFORMATION_FORMAT = "dwarf-with-dsym";
				ENABLE_STRICT_OBJC_MSGSEND = YES;
				ENABLE_TESTABILITY = YES;
				GCC_C_LANGUAGE_STANDARD = gnu99;
				GCC_DYNAMIC_NO_PIC = NO;
				GCC_NO_COMMON_BLOCKS = YES;
				GCC_OPTIMIZATION_LEVEL = 0;
				GCC_PREPROCESSOR_DEFINITIONS = (
					"DEBUG=1",
					"$(inherited)",
				);
				GCC_SYMBOLS_PRIVATE_EXTERN = NO;
				GCC_WARN_64_TO_32_BIT_CONVERSION = YES;
				GCC_WARN_ABOUT_RETURN_TYPE = YES_ERROR;
				GCC_WARN_UNDECLARED_SELECTOR = YES;
				GCC_WARN_UNINITIALIZED_AUTOS = YES_AGGRESSIVE;
				GCC_WARN_UNUSED_FUNCTION = YES;
				GCC_WARN_UNUSED_VARIABLE = YES;
				IPHONEOS_DEPLOYMENT_TARGET = 9.0;
				MTL_ENABLE_DEBUG_INFO = YES;
				ONLY_ACTIVE_ARCH = YES;
				SDKROOT = iphoneos;
				SWIFT_OPTIMIZATION_LEVEL = "-Onone";
				SWIFT_VERSION = 4.0;
			};
			name = Debug;
		};
		607FACEE1AFB9204008FA782 /* Release */ = {
			isa = XCBuildConfiguration;
			buildSettings = {
				ALWAYS_SEARCH_USER_PATHS = NO;
				CLANG_CXX_LANGUAGE_STANDARD = "gnu++0x";
				CLANG_CXX_LIBRARY = "libc++";
				CLANG_ENABLE_MODULES = YES;
				CLANG_ENABLE_OBJC_ARC = YES;
				CLANG_WARN_BLOCK_CAPTURE_AUTORELEASING = YES;
				CLANG_WARN_BOOL_CONVERSION = YES;
				CLANG_WARN_COMMA = YES;
				CLANG_WARN_CONSTANT_CONVERSION = YES;
				CLANG_WARN_DIRECT_OBJC_ISA_USAGE = YES_ERROR;
				CLANG_WARN_EMPTY_BODY = YES;
				CLANG_WARN_ENUM_CONVERSION = YES;
				CLANG_WARN_INFINITE_RECURSION = YES;
				CLANG_WARN_INT_CONVERSION = YES;
				CLANG_WARN_NON_LITERAL_NULL_CONVERSION = YES;
				CLANG_WARN_OBJC_LITERAL_CONVERSION = YES;
				CLANG_WARN_OBJC_ROOT_CLASS = YES_ERROR;
				CLANG_WARN_RANGE_LOOP_ANALYSIS = YES;
				CLANG_WARN_STRICT_PROTOTYPES = YES;
				CLANG_WARN_SUSPICIOUS_MOVE = YES;
				CLANG_WARN_UNREACHABLE_CODE = YES;
				CLANG_WARN__DUPLICATE_METHOD_MATCH = YES;
				"CODE_SIGN_IDENTITY[sdk=iphoneos*]" = "iPhone Developer";
				COPY_PHASE_STRIP = NO;
				DEBUG_INFORMATION_FORMAT = "dwarf-with-dsym";
				ENABLE_NS_ASSERTIONS = NO;
				ENABLE_STRICT_OBJC_MSGSEND = YES;
				GCC_C_LANGUAGE_STANDARD = gnu99;
				GCC_NO_COMMON_BLOCKS = YES;
				GCC_WARN_64_TO_32_BIT_CONVERSION = YES;
				GCC_WARN_ABOUT_RETURN_TYPE = YES_ERROR;
				GCC_WARN_UNDECLARED_SELECTOR = YES;
				GCC_WARN_UNINITIALIZED_AUTOS = YES_AGGRESSIVE;
				GCC_WARN_UNUSED_FUNCTION = YES;
				GCC_WARN_UNUSED_VARIABLE = YES;
				IPHONEOS_DEPLOYMENT_TARGET = 9.0;
				MTL_ENABLE_DEBUG_INFO = NO;
				SDKROOT = iphoneos;
				SWIFT_OPTIMIZATION_LEVEL = "-Owholemodule";
				SWIFT_VERSION = 4.0;
				VALIDATE_PRODUCT = YES;
			};
			name = Release;
		};
		70BAA9BA1F276B4F004CD577 /* Debug */ = {
			isa = XCBuildConfiguration;
			baseConfigurationReference = 154C254CD77976B0E205DF68 /* Pods-JFWindguru_Example.debug.xcconfig */;
			buildSettings = {
				ASSETCATALOG_COMPILER_APPICON_NAME = AppIcon;
				INFOPLIST_FILE = "JFWindguruPure_Example-Info.plist";
				IPHONEOS_DEPLOYMENT_TARGET = 9.0;
				LD_RUNPATH_SEARCH_PATHS = "$(inherited) @executable_path/Frameworks";
				MODULE_NAME = ExampleApp;
				PRODUCT_BUNDLE_IDENTIFIER = "org.cocoapods.demo.JFWindguru-Example";
				PRODUCT_NAME = "$(TARGET_NAME)";
				SWIFT_SWIFT3_OBJC_INFERENCE = Off;
				SWIFT_VERSION = 4.0;
			};
			name = Debug;
		};
		70BAA9BB1F276B4F004CD577 /* Release */ = {
			isa = XCBuildConfiguration;
			baseConfigurationReference = A4A85B64D047BA2623491E8D /* Pods-JFWindguru_Example.release.xcconfig */;
			buildSettings = {
				ASSETCATALOG_COMPILER_APPICON_NAME = AppIcon;
				INFOPLIST_FILE = "JFWindguruPure_Example-Info.plist";
				IPHONEOS_DEPLOYMENT_TARGET = 9.0;
				LD_RUNPATH_SEARCH_PATHS = "$(inherited) @executable_path/Frameworks";
				MODULE_NAME = ExampleApp;
				PRODUCT_BUNDLE_IDENTIFIER = "org.cocoapods.demo.JFWindguru-Example";
				PRODUCT_NAME = "$(TARGET_NAME)";
				SWIFT_SWIFT3_OBJC_INFERENCE = Off;
				SWIFT_VERSION = 4.0;
			};
			name = Release;
		};
		70BAA9CA1F276B6F004CD577 /* Debug */ = {
			isa = XCBuildConfiguration;
			baseConfigurationReference = 24D07A369532A7136ACE3C45 /* Pods-JFWindguru_Tests.debug.xcconfig */;
			buildSettings = {
				FRAMEWORK_SEARCH_PATHS = (
					"$(SDKROOT)/Developer/Library/Frameworks",
					"$(inherited)",
				);
				GCC_PREPROCESSOR_DEFINITIONS = (
					"DEBUG=1",
					"$(inherited)",
				);
				INFOPLIST_FILE = "JFWindguruPure_Tests-Info.plist";
				LD_RUNPATH_SEARCH_PATHS = "$(inherited) @executable_path/Frameworks @loader_path/Frameworks";
				PRODUCT_BUNDLE_IDENTIFIER = "org.cocoapods.$(PRODUCT_NAME:rfc1034identifier)";
				PRODUCT_NAME = "$(TARGET_NAME)";
				SWIFT_SWIFT3_OBJC_INFERENCE = Off;
				SWIFT_VERSION = 4.0;
				TEST_HOST = "$(BUILT_PRODUCTS_DIR)/JFWindguruPure_Example.app/JFWindguruPure_Example";
			};
			name = Debug;
		};
		70BAA9CB1F276B6F004CD577 /* Release */ = {
			isa = XCBuildConfiguration;
			baseConfigurationReference = 9B797BC5480538A94EFE2069 /* Pods-JFWindguru_Tests.release.xcconfig */;
			buildSettings = {
				FRAMEWORK_SEARCH_PATHS = (
					"$(SDKROOT)/Developer/Library/Frameworks",
					"$(inherited)",
				);
				INFOPLIST_FILE = "JFWindguruPure_Tests-Info.plist";
				LD_RUNPATH_SEARCH_PATHS = "$(inherited) @executable_path/Frameworks @loader_path/Frameworks";
				PRODUCT_BUNDLE_IDENTIFIER = "org.cocoapods.$(PRODUCT_NAME:rfc1034identifier)";
				PRODUCT_NAME = "$(TARGET_NAME)";
				SWIFT_SWIFT3_OBJC_INFERENCE = Off;
				SWIFT_VERSION = 4.0;
				TEST_HOST = "$(BUILT_PRODUCTS_DIR)/JFWindguruPure_Example.app/JFWindguruPure_Example";
			};
			name = Release;
		};
		70BAA9D81F276B79004CD577 /* Debug */ = {
			isa = XCBuildConfiguration;
			buildSettings = {
				ALWAYS_EMBED_SWIFT_STANDARD_LIBRARIES = YES;
				ASSETCATALOG_COMPILER_APPICON_NAME = AppIcon;
				CLANG_ANALYZER_NONNULL = YES;
				CLANG_ANALYZER_NUMBER_OBJECT_CONVERSION = YES_AGGRESSIVE;
				CLANG_WARN_DOCUMENTATION_COMMENTS = YES;
				DEBUG_INFORMATION_FORMAT = dwarf;
				IBSC_MODULE = JFWindguruPureWatch_Extension;
				INFOPLIST_FILE = "JFWindguruPureWatch-Info.plist";
				PRODUCT_BUNDLE_IDENTIFIER = "org.cocoapods.demo.JFWindguru-Example.watchkitapp";
				PRODUCT_NAME = "$(TARGET_NAME)";
				SDKROOT = watchos;
				SKIP_INSTALL = YES;
				SWIFT_ACTIVE_COMPILATION_CONDITIONS = DEBUG;
				SWIFT_VERSION = 4.0;
				TARGETED_DEVICE_FAMILY = 4;
				WATCHOS_DEPLOYMENT_TARGET = 3.2;
			};
			name = Debug;
		};
		70BAA9D91F276B79004CD577 /* Release */ = {
			isa = XCBuildConfiguration;
			buildSettings = {
				ALWAYS_EMBED_SWIFT_STANDARD_LIBRARIES = YES;
				ASSETCATALOG_COMPILER_APPICON_NAME = AppIcon;
				CLANG_ANALYZER_NONNULL = YES;
				CLANG_ANALYZER_NUMBER_OBJECT_CONVERSION = YES_AGGRESSIVE;
				CLANG_WARN_DOCUMENTATION_COMMENTS = YES;
				IBSC_MODULE = JFWindguruPureWatch_Extension;
				INFOPLIST_FILE = "JFWindguruPureWatch-Info.plist";
				PRODUCT_BUNDLE_IDENTIFIER = "org.cocoapods.demo.JFWindguru-Example.watchkitapp";
				PRODUCT_NAME = "$(TARGET_NAME)";
				SDKROOT = watchos;
				SKIP_INSTALL = YES;
				SWIFT_VERSION = 4.0;
				TARGETED_DEVICE_FAMILY = 4;
				WATCHOS_DEPLOYMENT_TARGET = 3.2;
			};
			name = Release;
		};
		70BAA9EC1F276B83004CD577 /* Debug */ = {
			isa = XCBuildConfiguration;
			baseConfigurationReference = 7C15CDBB380936AAAB9C6643 /* Pods-JFWindguruWatch Extension.debug.xcconfig */;
			buildSettings = {
				ASSETCATALOG_COMPILER_COMPLICATION_NAME = Complication;
				CLANG_ANALYZER_NONNULL = YES;
				CLANG_ANALYZER_NUMBER_OBJECT_CONVERSION = YES_AGGRESSIVE;
				CLANG_WARN_DOCUMENTATION_COMMENTS = YES;
				DEBUG_INFORMATION_FORMAT = dwarf;
				DEVELOPMENT_TEAM = 27XTSJS68A;
				INFOPLIST_FILE = "JFWindguruPureWatch Extension-Info.plist";
				LD_RUNPATH_SEARCH_PATHS = "$(inherited) @executable_path/Frameworks @executable_path/../../Frameworks";
				PRODUCT_BUNDLE_IDENTIFIER = "org.cocoapods.demo.JFWindguru-Example.watchkitapp.watchkitextension";
				PRODUCT_NAME = "$(TARGET_NAME)";
				SDKROOT = watchos;
				SKIP_INSTALL = YES;
				SWIFT_ACTIVE_COMPILATION_CONDITIONS = DEBUG;
				SWIFT_SWIFT3_OBJC_INFERENCE = Off;
				SWIFT_VERSION = 4.0;
				TARGETED_DEVICE_FAMILY = 4;
				WATCHOS_DEPLOYMENT_TARGET = 3.2;
			};
			name = Debug;
		};
		70BAA9ED1F276B83004CD577 /* Release */ = {
			isa = XCBuildConfiguration;
			baseConfigurationReference = 1AA98D0A028465017AAFA6FD /* Pods-JFWindguruWatch Extension.release.xcconfig */;
			buildSettings = {
				ASSETCATALOG_COMPILER_COMPLICATION_NAME = Complication;
				CLANG_ANALYZER_NONNULL = YES;
				CLANG_ANALYZER_NUMBER_OBJECT_CONVERSION = YES_AGGRESSIVE;
				CLANG_WARN_DOCUMENTATION_COMMENTS = YES;
				DEVELOPMENT_TEAM = 27XTSJS68A;
				INFOPLIST_FILE = "JFWindguruPureWatch Extension-Info.plist";
				LD_RUNPATH_SEARCH_PATHS = "$(inherited) @executable_path/Frameworks @executable_path/../../Frameworks";
				PRODUCT_BUNDLE_IDENTIFIER = "org.cocoapods.demo.JFWindguru-Example.watchkitapp.watchkitextension";
				PRODUCT_NAME = "$(TARGET_NAME)";
				SDKROOT = watchos;
				SKIP_INSTALL = YES;
				SWIFT_SWIFT3_OBJC_INFERENCE = Off;
				SWIFT_VERSION = 4.0;
				TARGETED_DEVICE_FAMILY = 4;
				WATCHOS_DEPLOYMENT_TARGET = 3.2;
			};
			name = Release;
		};
/* End XCBuildConfiguration section */

/* Begin XCConfigurationList section */
		607FACCB1AFB9204008FA782 /* Build configuration list for PBXProject "JFWindguru" */ = {
			isa = XCConfigurationList;
			buildConfigurations = (
				607FACED1AFB9204008FA782 /* Debug */,
				607FACEE1AFB9204008FA782 /* Release */,
			);
			defaultConfigurationIsVisible = 0;
			defaultConfigurationName = Release;
		};
		70BAA9B91F276B4F004CD577 /* Build configuration list for PBXNativeTarget "JFWindguru_Example" */ = {
			isa = XCConfigurationList;
			buildConfigurations = (
				70BAA9BA1F276B4F004CD577 /* Debug */,
				70BAA9BB1F276B4F004CD577 /* Release */,
			);
			defaultConfigurationIsVisible = 0;
			defaultConfigurationName = Release;
		};
		70BAA9C91F276B6F004CD577 /* Build configuration list for PBXNativeTarget "JFWindguru_Tests" */ = {
			isa = XCConfigurationList;
			buildConfigurations = (
				70BAA9CA1F276B6F004CD577 /* Debug */,
				70BAA9CB1F276B6F004CD577 /* Release */,
			);
			defaultConfigurationIsVisible = 0;
			defaultConfigurationName = Release;
		};
		70BAA9D71F276B79004CD577 /* Build configuration list for PBXNativeTarget "JFWindguruWatch" */ = {
			isa = XCConfigurationList;
			buildConfigurations = (
				70BAA9D81F276B79004CD577 /* Debug */,
				70BAA9D91F276B79004CD577 /* Release */,
			);
			defaultConfigurationIsVisible = 0;
			defaultConfigurationName = Release;
		};
		70BAA9EB1F276B83004CD577 /* Build configuration list for PBXNativeTarget "JFWindguruWatch Extension" */ = {
			isa = XCConfigurationList;
			buildConfigurations = (
				70BAA9EC1F276B83004CD577 /* Debug */,
				70BAA9ED1F276B83004CD577 /* Release */,
			);
			defaultConfigurationIsVisible = 0;
			defaultConfigurationName = Release;
		};
/* End XCConfigurationList section */
	};
	rootObject = 607FACC81AFB9204008FA782 /* Project object */;
}
